<?xml version="1.0" encoding="utf-8"?>
<Project ToolsVersion="4.0" xmlns="http://schemas.microsoft.com/developer/msbuild/2003">
  <ItemGroup>
    <Filter Include="Memory">
      <UniqueIdentifier>{fb43c9b2-465e-4294-a446-02b09dd6eb98}</UniqueIdentifier>
    </Filter>
    <Filter Include="Memory\amd64">
      <UniqueIdentifier>{f0983b5e-0460-43ca-9a0e-86b868df2803}</UniqueIdentifier>
    </Filter>
    <Filter Include="Memory\arm">
      <UniqueIdentifier>{d64e72ba-3308-4b4c-b912-61e504e0b47b}</UniqueIdentifier>
    </Filter>
  </ItemGroup>
  <ItemGroup>
    <ClCompile Include="Memory\Allocator.cpp">
      <Filter>Memory</Filter>
    </ClCompile>
    <ClCompile Include="Memory\ArenaAllocator.cpp">
      <Filter>Memory</Filter>
    </ClCompile>
    <ClCompile Include="Memory\HeapAllocator.cpp">
      <Filter>Memory</Filter>
    </ClCompile>
    <ClCompile Include="Memory\HeapBlock.cpp">
      <Filter>Memory</Filter>
    </ClCompile>
    <ClCompile Include="Memory\HeapBlockMap.cpp">
      <Filter>Memory</Filter>
    </ClCompile>
    <ClCompile Include="Memory\heapbucket.cpp">
      <Filter>Memory</Filter>
    </ClCompile>
    <ClCompile Include="Memory\heapinfo.cpp">
      <Filter>Memory</Filter>
    </ClCompile>
    <ClCompile Include="Memory\PageAllocator.cpp">
      <Filter>Memory</Filter>
    </ClCompile>
    <ClCompile Include="Memory\Recycler.cpp">
      <Filter>Memory</Filter>
    </ClCompile>
    <ClCompile Include="Memory\LargeHeapBlock.cpp">
      <Filter>Memory</Filter>
    </ClCompile>
    <ClCompile Include="Memory\RecyclerObjectDumper.cpp">
      <Filter>Memory</Filter>
    </ClCompile>
    <ClCompile Include="Memory\IdleDecommitPageAllocator.cpp">
      <Filter>Memory</Filter>
    </ClCompile>
    <ClCompile Include="Memory\RecyclerPageAllocator.cpp">
      <Filter>Memory</Filter>
    </ClCompile>
    <ClCompile Include="Memory\leakreport.cpp">
      <Filter>Memory</Filter>
    </ClCompile>
    <ClCompile Include="Memory\CustomHeap.cpp">
      <Filter>Memory</Filter>
    </ClCompile>
    <ClCompile Include="Memory\MemoryTracking.cpp">
      <Filter>Memory</Filter>
    </ClCompile>
    <ClCompile Include="Memory\amd64\XDataAllocator.cpp">
      <Filter>Memory\amd64</Filter>
    </ClCompile>
    <ClCompile Include="Memory\arm\XDataAllocator.cpp">
      <Filter>Memory\arm</Filter>
    </ClCompile>
    <ClCompile Include="Memory\SmallFinalizableHeapBlock.cpp">
      <Filter>Memory</Filter>
    </ClCompile>
    <ClCompile Include="Memory\SmallHeapBlockAllocator.cpp">
      <Filter>Memory</Filter>
    </ClCompile>
    <ClCompile Include="Memory\SmallLeafHeapBlock.cpp">
      <Filter>Memory</Filter>
    </ClCompile>
    <ClCompile Include="Memory\SmallNormalHeapBlock.cpp">
      <Filter>Memory</Filter>
    </ClCompile>
    <ClCompile Include="Memory\SmallFinalizableHeapBucket.cpp">
      <Filter>Memory</Filter>
    </ClCompile>
    <ClCompile Include="Memory\SmallLeafHeapBucket.cpp">
      <Filter>Memory</Filter>
    </ClCompile>
    <ClCompile Include="Memory\SmallNormalHeapBucket.cpp">
      <Filter>Memory</Filter>
    </ClCompile>
    <ClCompile Include="Memory\RecyclerSweep.cpp">
      <Filter>Memory</Filter>
    </ClCompile>
    <ClCompile Include="Memory\RecyclerHeuristic.cpp">
      <Filter>Memory</Filter>
    </ClCompile>
    <ClCompile Include="Memory\RecyclerObjectGraphDumper.cpp">
      <Filter>Memory</Filter>
    </ClCompile>
    <ClCompile Include="Memory\ForcedMemoryConstraints.cpp">
      <Filter>Memory</Filter>
    </ClCompile>
    <ClCompile Include="Memory\EtwMemoryTracking.cpp">
      <Filter>Memory</Filter>
    </ClCompile>
    <ClCompile Include="Memory\LargeHeapBucket.cpp">
      <Filter>Memory</Filter>
    </ClCompile>
    <ClCompile Include="StdAfx.cpp" />
    <ClCompile Include="Memory\MemoryLogger.cpp" />
    <ClCompile Include="Memory\RecyclerWriteBarrierManager.cpp" />
    <ClCompile Include="Memory\MarkContext.cpp">
      <Filter>Memory</Filter>
    </ClCompile>
    <ClCompile Include="Memory\StressTest.cpp">
      <Filter>Memory</Filter>
    </ClCompile>
    <ClCompile Include="Memory\GCTelemetry.cpp" />
    <ClCompile Include="Memory\HeapAllocatorOperators.cpp" />
    <ClCompile Include="Memory\VirtualAllocWrapper.cpp">
      <Filter>Memory</Filter>
    </ClCompile>
  </ItemGroup>
  <ItemGroup>
    <ClInclude Include="Memory\Allocator.h">
      <Filter>Memory</Filter>
    </ClInclude>
    <ClInclude Include="Memory\ArenaAllocator.h">
      <Filter>Memory</Filter>
    </ClInclude>
    <ClInclude Include="Memory\FreeObject.h">
      <Filter>Memory</Filter>
    </ClInclude>
    <ClInclude Include="Memory\HeapAllocator.h">
      <Filter>Memory</Filter>
    </ClInclude>
    <ClInclude Include="Memory\HeapBlock.h">
      <Filter>Memory</Filter>
    </ClInclude>
    <ClInclude Include="Memory\HeapBlockMap.h">
      <Filter>Memory</Filter>
    </ClInclude>
    <ClInclude Include="Memory\heapbucket.h">
      <Filter>Memory</Filter>
    </ClInclude>
    <ClInclude Include="Memory\heapinfo.h">
      <Filter>Memory</Filter>
    </ClInclude>
    <ClInclude Include="Memory\PageAllocator.h">
      <Filter>Memory</Filter>
    </ClInclude>
    <ClInclude Include="Memory\Recycler.h">
      <Filter>Memory</Filter>
    </ClInclude>
    <ClInclude Include="Memory\LargeHeapBlock.h">
      <Filter>Memory</Filter>
    </ClInclude>
    <ClInclude Include="Memory\RecyclerFastAllocator.h">
      <Filter>Memory</Filter>
    </ClInclude>
    <ClInclude Include="Memory\RecyclerObjectDumper.h">
      <Filter>Memory</Filter>
    </ClInclude>
    <ClInclude Include="Memory\IdleDecommitPageAllocator.h">
      <Filter>Memory</Filter>
    </ClInclude>
    <ClInclude Include="Memory\RecyclerPageAllocator.h">
      <Filter>Memory</Filter>
    </ClInclude>
    <ClInclude Include="Memory\AutoPtr.h">
      <Filter>Memory</Filter>
    </ClInclude>
    <ClInclude Include="Memory\leakreport.h">
      <Filter>Memory</Filter>
    </ClInclude>
    <ClInclude Include="Memory\RecyclerWeakReference.h">
      <Filter>Memory</Filter>
    </ClInclude>
    <ClInclude Include="Memory\CustomHeap.h">
      <Filter>Memory</Filter>
    </ClInclude>
    <ClInclude Include="Memory\MemoryTracking.h">
      <Filter>Memory</Filter>
    </ClInclude>
    <ClInclude Include="Memory\amd64\XDataAllocator.h">
      <Filter>Memory\amd64</Filter>
    </ClInclude>
    <ClInclude Include="Memory\arm\XDataAllocator.h">
      <Filter>Memory\arm</Filter>
    </ClInclude>
    <ClInclude Include="Memory\SmallFinalizableHeapBlock.h">
      <Filter>Memory</Filter>
    </ClInclude>
    <ClInclude Include="Memory\SmallHeapBlockAllocator.h">
      <Filter>Memory</Filter>
    </ClInclude>
    <ClInclude Include="Memory\SmallLeafHeapBlock.h">
      <Filter>Memory</Filter>
    </ClInclude>
    <ClInclude Include="Memory\SmallNormalHeapBlock.h">
      <Filter>Memory</Filter>
    </ClInclude>
    <ClInclude Include="Memory\SmallFinalizableHeapBucket.h">
      <Filter>Memory</Filter>
    </ClInclude>
    <ClInclude Include="Memory\SmallLeafHeapBucket.h">
      <Filter>Memory</Filter>
    </ClInclude>
    <ClInclude Include="Memory\SmallNormalHeapBucket.h">
      <Filter>Memory</Filter>
    </ClInclude>
    <ClInclude Include="Memory\PageAllocatorDefines.h">
      <Filter>Memory</Filter>
    </ClInclude>
    <ClInclude Include="Memory\RecyclerSweep.h">
      <Filter>Memory</Filter>
    </ClInclude>
    <ClInclude Include="Memory\RecyclerHeuristic.h">
      <Filter>Memory</Filter>
    </ClInclude>
    <ClInclude Include="Memory\RecyclerObjectGraphDumper.h">
      <Filter>Memory</Filter>
    </ClInclude>
    <ClInclude Include="Memory\ForcedMemoryConstraints.h">
      <Filter>Memory</Filter>
    </ClInclude>
    <ClInclude Include="Memory\RecyclerRootPtr.h">
      <Filter>Memory</Filter>
    </ClInclude>
    <ClInclude Include="Memory\LargeHeapBucket.h">
      <Filter>Memory</Filter>
    </ClInclude>
    <ClInclude Include="StdAfx.h" />
    <ClInclude Include="Memory\RecyclerPointers.h" />
    <ClInclude Include="Memory\RecyclerWriteBarrierManager.h" />
    <ClInclude Include="Memory\MemoryLogger.h" />
    <ClInclude Include="Memory\AutoAllocatorObjectPtr.h">
      <Filter>Memory</Filter>
    </ClInclude>
    <ClInclude Include="Memory\MarkContext.h">
      <Filter>Memory</Filter>
    </ClInclude>
    <ClInclude Include="Memory\StressTest.h">
      <Filter>Memory</Filter>
    </ClInclude>
    <ClInclude Include="Memory\PagePool.h" />
    <ClInclude Include="Memory\GCTelemetry.h" />
    <ClInclude Include="Memory\LanguageTelemetry.h" />
    <ClInclude Include="Memory\LangTelFields.h" />
    <ClInclude Include="Memory\HeapConstants.h">
      <Filter>Memory</Filter>
    </ClInclude>
    <ClInclude Include="Memory\VirtualAllocWrapper.h">
      <Filter>Memory</Filter>
    </ClInclude>
  </ItemGroup>
  <ItemGroup>
    <None Include="Memory\heapbucket.inl">
      <Filter>Memory</Filter>
    </None>
    <None Include="Memory\Recycler.inl">
      <Filter>Memory</Filter>
    </None>
    <None Include="Memory\heapblock.inl">
      <Filter>Memory</Filter>
    </None>
    <None Include="Memory\LargeHeapBucket.inl">
      <Filter>Memory</Filter>
    </None>
    <None Include="Memory\MarkContext.inl">
      <Filter>Memory</Filter>
    </None>
  </ItemGroup>
  <ItemGroup>
    <MASM Include="Memory\amd64\amd64_SAVE_REGISTERS.asm">
      <Filter>Memory\amd64</Filter>
    </MASM>
    <MASM Include="Memory\arm\arm_SAVE_REGISTERS.asm">
      <Filter>Memory\arm</Filter>
    </MASM>
  </ItemGroup>
</Project>