
Microsoft Visual Studio Solution File, Format Version 11.00
# Visual Studio 2010
Project("{8BC9CEB8-8B4A-11D0-8D11-00A0C91BC942}") = "Common", "Lib\Common\Common.vcxproj", "{BB4153FF-AC3E-4734-B562-CC23812DF31B}"
	ProjectSection(ProjectDependencies) = postProject
		{BCC5C029-2F2C-4EAA-8E60-664D72766936} = {BCC5C029-2F2C-4EAA-8E60-664D72766936}
	EndProjectSection
EndProject
Project("{8BC9CEB8-8B4A-11D0-8D11-00A0C91BC942}") = "Parser", "Lib\Parser\Parser.vcxproj", "{F6FAD160-5A4B-476A-93AC-33E0B3A18C0C}"
EndProject
Project("{8BC9CEB8-8B4A-11D0-8D11-00A0C91BC942}") = "Runtime", "Lib\Runtime\Runtime.vcxproj", "{706083F7-6AA4-4558-A153-6352EF9110F5}"
	ProjectSection(ProjectDependencies) = postProject
		{18CF279F-188D-4655-B03D-74F65388E7D1} = {18CF279F-188D-4655-B03D-74F65388E7D1}
	EndProjectSection
EndProject
Project("{8BC9CEB8-8B4A-11D0-8D11-00A0C91BC942}") = "Backend", "Lib\Backend\Backend.vcxproj", "{18CF279F-188D-4655-B03D-74F65388E7D1}"
EndProject
Project("{8BC9CEB8-8B4A-11D0-8D11-00A0C91BC942}") = "JScript9", "Dll\JScript\JScript.vcxproj", "{EA882C8D-81FC-42FE-ABD5-2666DB933FDA}"
	ProjectSection(ProjectDependencies) = postProject
		{1876E800-AD77-48C4-A2F7-E5265F24AC35} = {1876E800-AD77-48C4-A2F7-E5265F24AC35}
	EndProjectSection
EndProject
Project("{8BC9CEB8-8B4A-11D0-8D11-00A0C91BC942}") = "JC", "Exe\JC\JC.vcxproj", "{CBDB0505-DA56-41F2-BA0E-C2900C55E62A}"
EndProject
Project("{8BC9CEB8-8B4A-11D0-8D11-00A0C91BC942}") = "RecyclerTest", "Exe\RecyclerTest\RecyclerTest.vcxproj", "{94E22D67-70E5-468F-A62C-9D657B1D170F}"
EndProject
Project("{8BC9CEB8-8B4A-11D0-8D11-00A0C91BC942}") = "jsGlass", "Exe\jsGlass\jsGlass.vcxproj", "{5CF57588-FB4A-4B00-85BB-8EE78AEE1311}"
	ProjectSection(ProjectDependencies) = postProject
		{E152E191-0245-45BF-BDAA-070ABFE72E80} = {E152E191-0245-45BF-BDAA-070ABFE72E80}
	EndProjectSection
EndProject
Project("{2150E333-8FDC-42A3-9474-1A3956D46DE8}") = "UnitTests", "UnitTests", "{63C6414A-E688-4C5B-955E-A8B8D1CC59F8}"
EndProject
Project("{2150E333-8FDC-42A3-9474-1A3956D46DE8}") = "SunSpider", "SunSpider", "{8D8B9E5F-7739-4213-AF63-CAD1E2C3ED53}"
	ProjectSection(SolutionItems) = preProject
		unittest\SunSpider\3d-cube.js = unittest\SunSpider\3d-cube.js
		unittest\SunSpider\3d-morph.js = unittest\SunSpider\3d-morph.js
		unittest\SunSpider\3d-raytrace.js = unittest\SunSpider\3d-raytrace.js
		unittest\SunSpider\access-binary-trees.js = unittest\SunSpider\access-binary-trees.js
		unittest\SunSpider\access-fannkuch.js = unittest\SunSpider\access-fannkuch.js
		unittest\SunSpider\access-nbody.js = unittest\SunSpider\access-nbody.js
		unittest\SunSpider\access-nsieve.js = unittest\SunSpider\access-nsieve.js
		unittest\SunSpider\bitops-3bit-bits-in-byte.js = unittest\SunSpider\bitops-3bit-bits-in-byte.js
		unittest\SunSpider\bitops-bits-in-byte.js = unittest\SunSpider\bitops-bits-in-byte.js
		unittest\SunSpider\bitops-bitwise-and.js = unittest\SunSpider\bitops-bitwise-and.js
		unittest\SunSpider\bitops-nsieve-bits.js = unittest\SunSpider\bitops-nsieve-bits.js
		unittest\SunSpider\controlflow-recursive.js = unittest\SunSpider\controlflow-recursive.js
		unittest\SunSpider\crypto-aes.js = unittest\SunSpider\crypto-aes.js
		unittest\SunSpider\crypto-md5.js = unittest\SunSpider\crypto-md5.js
		unittest\SunSpider\crypto-sha1.js = unittest\SunSpider\crypto-sha1.js
		unittest\SunSpider\date-format-tofte.js = unittest\SunSpider\date-format-tofte.js
		unittest\SunSpider\date-format-xparb.js = unittest\SunSpider\date-format-xparb.js
		unittest\SunSpider\math-cordic.js = unittest\SunSpider\math-cordic.js
		unittest\SunSpider\math-partial-sums.js = unittest\SunSpider\math-partial-sums.js
		unittest\SunSpider\math-spectral-norm.js = unittest\SunSpider\math-spectral-norm.js
		unittest\SunSpider\regexp-dna.js = unittest\SunSpider\regexp-dna.js
		unittest\SunSpider\string-base64.js = unittest\SunSpider\string-base64.js
		unittest\SunSpider\string-fasta.js = unittest\SunSpider\string-fasta.js
		unittest\SunSpider\string-tagcloud.js = unittest\SunSpider\string-tagcloud.js
		unittest\SunSpider\string-unpack-code.js = unittest\SunSpider\string-unpack-code.js
		unittest\SunSpider\string-validate-input.js = unittest\SunSpider\string-validate-input.js
	EndProjectSection
EndProject
Project("{2150E333-8FDC-42A3-9474-1A3956D46DE8}") = "V8", "V8", "{48589360-6C56-4E55-9B28-42F4CDFD3C1D}"
	ProjectSection(SolutionItems) = preProject
		unittest\V8\crypto.js = unittest\V8\crypto.js
		unittest\V8\deltablue.js = unittest\V8\deltablue.js
		unittest\V8\raytrace.js = unittest\V8\raytrace.js
		unittest\V8\regexp.js = unittest\V8\regexp.js
		unittest\V8\richards.js = unittest\V8\richards.js
	EndProjectSection
EndProject
Project("{2150E333-8FDC-42A3-9474-1A3956D46DE8}") = "Dromaeo", "Dromaeo", "{98076E37-4A40-4FA5-AF3A-EA02CF718A1F}"
	ProjectSection(SolutionItems) = preProject
		unittest\Dromaeo\3d-cube.js = unittest\Dromaeo\3d-cube.js
		unittest\Dromaeo\array.js = unittest\Dromaeo\array.js
		unittest\Dromaeo\base64.js = unittest\Dromaeo\base64.js
		unittest\Dromaeo\eval.js = unittest\Dromaeo\eval.js
		unittest\Dromaeo\regexp.js = unittest\Dromaeo\regexp.js
		unittest\Dromaeo\string.js = unittest\Dromaeo\string.js
	EndProjectSection
EndProject
Project("{2150E333-8FDC-42A3-9474-1A3956D46DE8}") = "Basics", "Basics", "{7592CA0F-11CA-4073-AE26-DE6C37232CCF}"
	ProjectSection(SolutionItems) = preProject
		unittest\Basics\Accessors.js = unittest\Basics\Accessors.js
		unittest\Basics\Array.js = unittest\Basics\Array.js
		unittest\Basics\ArrayConcat.js = unittest\Basics\ArrayConcat.js
		unittest\Basics\arrayinit.js = unittest\Basics\arrayinit.js
		unittest\Basics\ArrayResize.js = unittest\Basics\ArrayResize.js
		unittest\Basics\DeleteProperty1.js = unittest\Basics\DeleteProperty1.js
		unittest\Basics\DirectCall.js = unittest\Basics\DirectCall.js
		unittest\Basics\enum.js = unittest\Basics\enum.js
		unittest\Basics\enumES5.js = unittest\Basics\enumES5.js
		unittest\Basics\equal.js = unittest\Basics\equal.js
		unittest\Basics\flags.js = unittest\Basics\flags.js
		unittest\Basics\hello.js = unittest\Basics\hello.js
		unittest\Basics\Length.js = unittest\Basics\Length.js
		unittest\Basics\Logical.js = unittest\Basics\Logical.js
		unittest\Basics\NativeInterpreterInterop.js = unittest\Basics\NativeInterpreterInterop.js
		unittest\Basics\ParameterOrder.js = unittest\Basics\ParameterOrder.js
		unittest\Basics\Parameters.js = unittest\Basics\Parameters.js
		unittest\Basics\scan.js = unittest\Basics\scan.js
		unittest\Basics\StringCharCodeAt.js = unittest\Basics\StringCharCodeAt.js
		unittest\Basics\StringField.js = unittest\Basics\StringField.js
		unittest\Basics\StringFromCharCode.js = unittest\Basics\StringFromCharCode.js
		unittest\Basics\StringSubstring.js = unittest\Basics\StringSubstring.js
		unittest\Basics\switch.js = unittest\Basics\switch.js
		unittest\Basics\Switch2.js = unittest\Basics\Switch2.js
		unittest\Basics\TernaryOperator.js = unittest\Basics\TernaryOperator.js
		unittest\Basics\typeof.js = unittest\Basics\typeof.js
		unittest\Basics\TypePromotion.js = unittest\Basics\TypePromotion.js
		unittest\Basics\UndefinedVsNull.js = unittest\Basics\UndefinedVsNull.js
		unittest\Basics\With.js = unittest\Basics\With.js
		unittest\Basics\With2.js = unittest\Basics\With2.js
		unittest\Basics\with3.js = unittest\Basics\with3.js
		unittest\Basics\witheval.js = unittest\Basics\witheval.js
	EndProjectSection
EndProject
Project("{2150E333-8FDC-42A3-9474-1A3956D46DE8}") = "Generated", "Generated", "{5705AF35-433F-4EE7-992E-6A1B76F55D9D}"
	ProjectSection(SolutionItems) = preProject
		unittest\Generated\add.js = unittest\Generated\add.js
		unittest\Generated\and.js = unittest\Generated\and.js
		unittest\Generated\div.js = unittest\Generated\div.js
		unittest\Generated\eq.js = unittest\Generated\eq.js
		unittest\Generated\ge.js = unittest\Generated\ge.js
		unittest\Generated\GenerateTests.js = unittest\Generated\GenerateTests.js
		unittest\Generated\gt.js = unittest\Generated\gt.js
		unittest\Generated\land.js = unittest\Generated\land.js
		unittest\Generated\le.js = unittest\Generated\le.js
		unittest\Generated\lor.js = unittest\Generated\lor.js
		unittest\Generated\lsh.js = unittest\Generated\lsh.js
		unittest\Generated\lt.js = unittest\Generated\lt.js
		unittest\Generated\mod.js = unittest\Generated\mod.js
		unittest\Generated\mul.js = unittest\Generated\mul.js
		unittest\Generated\ne.js = unittest\Generated\ne.js
		unittest\Generated\or.js = unittest\Generated\or.js
		unittest\Generated\rsh.js = unittest\Generated\rsh.js
		unittest\Generated\rshu.js = unittest\Generated\rshu.js
		unittest\Generated\seq.js = unittest\Generated\seq.js
		unittest\Generated\sne.js = unittest\Generated\sne.js
		unittest\Generated\sub.js = unittest\Generated\sub.js
		unittest\Generated\xor.js = unittest\Generated\xor.js
	EndProjectSection
EndProject
Project("{2150E333-8FDC-42A3-9474-1A3956D46DE8}") = "Array", "Array", "{E5A44DC9-F44A-4F4E-9815-9140CDE3B8E3}"
	ProjectSection(SolutionItems) = preProject
		unittest\Array\array_apply.js = unittest\Array\array_apply.js
		unittest\Array\array_ctr.js = unittest\Array\array_ctr.js
		unittest\Array\array_forin.js = unittest\Array\array_forin.js
		unittest\Array\array_indexOf.js = unittest\Array\array_indexOf.js
		unittest\Array\array_lastindexof.js = unittest\Array\array_lastindexof.js
		unittest\Array\array_length.js = unittest\Array\array_length.js
		unittest\Array\array_misc.js = unittest\Array\array_misc.js
		unittest\Array\array_slice.js = unittest\Array\array_slice.js
		unittest\Array\array_slice2.js = unittest\Array\array_slice2.js
		unittest\Array\array_sort.js = unittest\Array\array_sort.js
		unittest\Array\array_sort2.js = unittest\Array\array_sort2.js
		unittest\Array\array_sort3.js = unittest\Array\array_sort3.js
		unittest\Array\array_splice.js = unittest\Array\array_splice.js
		unittest\Array\array_splice1.js = unittest\Array\array_splice1.js
		unittest\Array\array_splice2.js = unittest\Array\array_splice2.js
		unittest\Array\concat1.js = unittest\Array\concat1.js
		unittest\Array\concat2.js = unittest\Array\concat2.js
		unittest\Array\delete.js = unittest\Array\delete.js
		unittest\Array\join1.js = unittest\Array\join1.js
		unittest\Array\join2.js = unittest\Array\join2.js
		unittest\Array\missing.js = unittest\Array\missing.js
		unittest\Array\negindex.js = unittest\Array\negindex.js
		unittest\Array\pop1.js = unittest\Array\pop1.js
		unittest\Array\pop2.js = unittest\Array\pop2.js
		unittest\Array\protoLookup.js = unittest\Array\protoLookup.js
		unittest\Array\push1.js = unittest\Array\push1.js
		unittest\Array\reverse1.js = unittest\Array\reverse1.js
		unittest\Array\reverse2.js = unittest\Array\reverse2.js
		unittest\Array\shift_unshift.js = unittest\Array\shift_unshift.js
		unittest\Array\sparsearray.js = unittest\Array\sparsearray.js
	EndProjectSection
EndProject
Project("{2150E333-8FDC-42A3-9474-1A3956D46DE8}") = "TaggedIntegers", "TaggedIntegers", "{C76E2310-4522-48F6-BD65-3C0F913DD6D2}"
	ProjectSection(SolutionItems) = preProject
		unittest\TaggedIntegers\addition.js = unittest\TaggedIntegers\addition.js
		unittest\TaggedIntegers\and.js = unittest\TaggedIntegers\and.js
		unittest\TaggedIntegers\arrays.js = unittest\TaggedIntegers\arrays.js
		unittest\TaggedIntegers\comparison.js = unittest\TaggedIntegers\comparison.js
		unittest\TaggedIntegers\divide.js = unittest\TaggedIntegers\divide.js
		unittest\TaggedIntegers\loopbounds.js = unittest\TaggedIntegers\loopbounds.js
		unittest\TaggedIntegers\loops.js = unittest\TaggedIntegers\loops.js
		unittest\TaggedIntegers\modulus.js = unittest\TaggedIntegers\modulus.js
		unittest\TaggedIntegers\multiplication.js = unittest\TaggedIntegers\multiplication.js
		unittest\TaggedIntegers\negate.js = unittest\TaggedIntegers\negate.js
		unittest\TaggedIntegers\not.js = unittest\TaggedIntegers\not.js
		unittest\TaggedIntegers\not_1.js = unittest\TaggedIntegers\not_1.js
		unittest\TaggedIntegers\or.js = unittest\TaggedIntegers\or.js
		unittest\TaggedIntegers\shift_constants.js = unittest\TaggedIntegers\shift_constants.js
		unittest\TaggedIntegers\signedshiftleft.js = unittest\TaggedIntegers\signedshiftleft.js
		unittest\TaggedIntegers\signedshiftright.js = unittest\TaggedIntegers\signedshiftright.js
		unittest\TaggedIntegers\subtraction.js = unittest\TaggedIntegers\subtraction.js
		unittest\TaggedIntegers\unsignedshiftright.js = unittest\TaggedIntegers\unsignedshiftright.js
		unittest\TaggedIntegers\xor.js = unittest\TaggedIntegers\xor.js
	EndProjectSection
EndProject
Project("{8BC9CEB8-8B4A-11D0-8D11-00A0C91BC942}") = "MathTest", "Exe\MathTest\MathTest.vcxproj", "{E3889F57-9EF7-4CA5-B4D3-208F6E6396DE}"
EndProject
Project("{8BC9CEB8-8B4A-11D0-8D11-00A0C91BC942}") = "Math", "Lib\Runtime\Math\Math.vcxproj", "{ABC904AD-9415-46F8-AA23-E33193F81F7C}"
EndProject
Project("{8BC9CEB8-8B4A-11D0-8D11-00A0C91BC942}") = "jshost", "Exe\jshost\jshost.vcxproj", "{8AF67707-1D98-4054-BC9A-6130865484BA}"
EndProject
Project("{8BC9CEB8-8B4A-11D0-8D11-00A0C91BC942}") = "WinRT", "Lib\WinRT\WinRT.vcxproj", "{37871403-9CD8-434C-8904-DBDD95B69D81}"
EndProject
Project("{2150E333-8FDC-42A3-9474-1A3956D46DE8}") = "Libraries", "Libraries", "{D8216B93-BD6E-4293-8D98-79CEF7CF66BC}"
EndProject
Project("{8BC9CEB8-8B4A-11D0-8D11-00A0C91BC942}") = "Publish", "publish\Publish.vcxproj", "{1876E800-AD77-48C4-A2F7-E5265F24AC35}"
EndProject
Project("{2150E333-8FDC-42A3-9474-1A3956D46DE8}") = "Dependencies", "Dependencies", "{59BF5DB0-B99C-468B-9E16-41C03F888DDB}"
EndProject
Project("{8BC9CEB8-8B4A-11D0-8D11-00A0C91BC942}") = "scalookup", "dep\scalookup.vcxproj", "{1876E800-AD77-48C4-A2F7-E5265F24AC36}"
EndProject
Project("{8BC9CEB8-8B4A-11D0-8D11-00A0C91BC942}") = "dtbhost", "dep\dtbhost.vcxproj", "{1876E800-AD77-48C4-A2F7-E5265F24AC37}"
EndProject
Project("{8BC9CEB8-8B4A-11D0-8D11-00A0C91BC942}") = "codex", "dep\codex.vcxproj", "{1876E800-AD77-48C4-A2F7-E5265F24AC38}"
EndProject
Project("{2150E333-8FDC-42A3-9474-1A3956D46DE8}") = "Executables", "Executables", "{CDE8342D-A900-4DFE-8466-97C55D683D94}"
EndProject
Project("{8BC9CEB8-8B4A-11D0-8D11-00A0C91BC942}") = "Author", "Lib\Author\Author.vcxproj", "{E152E191-0245-45BF-BDAA-070ABFE72E80}"
EndProject
Project("{8BC9CEB8-8B4A-11D0-8D11-00A0C91BC942}") = "ExeCommon", "Exe\Common\ExeCommon.vcxproj", "{F2E998AA-FB27-4F65-A6F7-4142BE64294F}"
EndProject
Project("{2150E333-8FDC-42A3-9474-1A3956D46DE8}") = "Manifests", "Manifests", "{ED51CF3C-3A54-4366-91F4-E93C3A3526EC}"
	ProjectSection(SolutionItems) = preProject
		..\manifests\Microsoft-Scripting-JScript9.man = ..\manifests\Microsoft-Scripting-JScript9.man
		..\manifests\Microsoft-Windows-IE-HTMLRendering.man = ..\manifests\Microsoft-Windows-IE-HTMLRendering.man
	EndProjectSection
EndProject
Project("{8BC9CEB8-8B4A-11D0-8D11-00A0C91BC942}") = "RunUT", "RunUT\RunUT.vcxproj", "{DB944726-DFAF-4A70-A710-9B09F002743B}"
EndProject
Project("{2150E333-8FDC-42A3-9474-1A3956D46DE8}") = "Published Interfaces", "Published Interfaces", "{19789B77-32A4-4156-90EE-DE01FDAA8881}"
	ProjectSection(SolutionItems) = preProject
		..\published\sdk\inc\activprof.idl = ..\published\sdk\inc\activprof.idl
		..\published\sdk\inc\activscp.idl = ..\published\sdk\inc\activscp.idl
		..\published\internal\inc\activscp2.idl = ..\published\internal\inc\activscp2.idl
		..\published\internal\inc\activscp_private.idl = ..\published\internal\inc\activscp_private.idl
	EndProjectSection
EndProject
Project("{8BC9CEB8-8B4A-11D0-8D11-00A0C91BC942}") = "NativeUnitTests", "unittest\NativeUnitTests\NativeUnitTests.vcxproj", "{8FF4141D-195E-4511-8600-5B9851C0F9E3}"
EndProject
Project("{2150E333-8FDC-42A3-9474-1A3956D46DE8}") = "Scriptlib", "Scriptlib", "{2B2BD22A-CF53-4764-9DD5-BA42D46923C1}"
	ProjectSection(SolutionItems) = preProject
		tools\ScriptLib\beagle.js = tools\ScriptLib\beagle.js
		tools\ScriptLib\checkin.js = tools\ScriptLib\checkin.js
		tools\ScriptLib\CLRAutomation.js = tools\ScriptLib\CLRAutomation.js
		tools\ScriptLib\clrProcess.js = tools\ScriptLib\clrProcess.js
		tools\ScriptLib\clrRolling.js = tools\ScriptLib\clrRolling.js
		tools\ScriptLib\clrSelfHost.js = tools\ScriptLib\clrSelfHost.js
		tools\ScriptLib\clrtask.js = tools\ScriptLib\clrtask.js
		tools\ScriptLib\CLRTestAutomation.js = tools\ScriptLib\CLRTestAutomation.js
		tools\ScriptLib\CLRTestTask.js = tools\ScriptLib\CLRTestTask.js
		tools\ScriptLib\coreclr.js = tools\ScriptLib\coreclr.js
		tools\ScriptLib\doRun.js = tools\ScriptLib\doRun.js
		tools\ScriptLib\dump.js = tools\ScriptLib\dump.js
		tools\ScriptLib\email.js = tools\ScriptLib\email.js
		tools\ScriptLib\EzeAutomation.js = tools\ScriptLib\EzeAutomation.js
		tools\ScriptLib\EzeTask.js = tools\ScriptLib\EzeTask.js
		tools\ScriptLib\fso.js = tools\ScriptLib\fso.js
		tools\ScriptLib\integrate.js = tools\ScriptLib\integrate.js
		tools\ScriptLib\internetExplorer.js = tools\ScriptLib\internetExplorer.js
		tools\ScriptLib\log.js = tools\ScriptLib\log.js
		tools\ScriptLib\optimizeNDP.js = tools\ScriptLib\optimizeNDP.js
		tools\ScriptLib\owner.js = tools\ScriptLib\owner.js
		tools\ScriptLib\prefastPlugins.js = tools\ScriptLib\prefastPlugins.js
		tools\ScriptLib\privateStress.js = tools\ScriptLib\privateStress.js
		tools\ScriptLib\proc.js = tools\ScriptLib\proc.js
		tools\ScriptLib\productStudio.js = tools\ScriptLib\productStudio.js
		tools\ScriptLib\queue.js = tools\ScriptLib\queue.js
		tools\ScriptLib\retailLab.js = tools\ScriptLib\retailLab.js
		tools\ScriptLib\rolling.js = tools\ScriptLib\rolling.js
		tools\ScriptLib\run.js = tools\ScriptLib\run.js
		tools\ScriptLib\runJScript.js = tools\ScriptLib\runJScript.js
		tools\ScriptLib\runRemote.js = tools\ScriptLib\runRemote.js
		tools\ScriptLib\setupBuild.js = tools\ScriptLib\setupBuild.js
		tools\ScriptLib\shortcuts.js = tools\ScriptLib\shortcuts.js
		tools\ScriptLib\sl_deployment.js = tools\ScriptLib\sl_deployment.js
		tools\ScriptLib\snapsniff.js = tools\ScriptLib\snapsniff.js
		tools\ScriptLib\snapSubmission.js = tools\ScriptLib\snapSubmission.js
		tools\ScriptLib\sourceDepot.js = tools\ScriptLib\sourceDepot.js
		tools\ScriptLib\symbols.js = tools\ScriptLib\symbols.js
		tools\ScriptLib\targetedPatching.js = tools\ScriptLib\targetedPatching.js
		tools\ScriptLib\task.js = tools\ScriptLib\task.js
		tools\ScriptLib\testSummary.js = tools\ScriptLib\testSummary.js
		tools\ScriptLib\tfs.js = tools\ScriptLib\tfs.js
		tools\ScriptLib\util.js = tools\ScriptLib\util.js
		tools\ScriptLib\xml.js = tools\ScriptLib\xml.js
	EndProjectSection
EndProject
Project("{8BC9CEB8-8B4A-11D0-8D11-00A0C91BC942}") = "jdtest", "Exe\jdtest\jdtest.vcxproj", "{A5F53E69-E02C-4BB6-BB94-C96F12EBCA2E}"
EndProject
Project("{8BC9CEB8-8B4A-11D0-8D11-00A0C91BC942}") = "MshtmlHost", "Exe\MshtmlHost\MshtmlHost.vcxproj", "{C4BDD61B-6B95-413B-9337-E09C82BCF6A9}"
EndProject
Project("{8BC9CEB8-8B4A-11D0-8D11-00A0C91BC942}") = "Manifests", "Manifests\Manifests.vcxproj", "{BCC5C029-2F2C-4EAA-8E60-664D72766936}"
EndProject
Project("{8BC9CEB8-8B4A-11D0-8D11-00A0C91BC942}") = "common-iel1", "dep\common-iel1.vcxproj", "{14BBB4B1-DA6A-4C69-BF07-F8D4865E0814}"
EndProject
Project("{2150E333-8FDC-42A3-9474-1A3956D46DE8}") = "HeapEnum", "HeapEnum", "{2D9A516F-E47C-4BDE-B939-2412C501A2C5}"
	ProjectSection(SolutionItems) = preProject
		unittest\HeapEnum\SummarizeHeap.js = unittest\HeapEnum\SummarizeHeap.js
		unittest\HeapEnum\array.js = unittest\HeapEnum\array.js
		unittest\HeapEnum\attributes.js = unittest\HeapEnum\attributes.js
		unittest\HeapEnum\CanvasPixelArray.js = unittest\HeapEnum\CanvasPixelArray.js
		unittest\HeapEnum\closure.baseline = unittest\HeapEnum\closure.baseline
		unittest\HeapEnum\closure.js = unittest\HeapEnum\closure.js
		unittest\HeapEnum\closure_binding.js = unittest\HeapEnum\closure_binding.js
		unittest\HeapEnum\closure_nested.js = unittest\HeapEnum\closure_nested.js
		unittest\HeapEnum\closure_nested_eval.js = unittest\HeapEnum\closure_nested_eval.js
		unittest\HeapEnum\ConcatString.js = unittest\HeapEnum\ConcatString.js
		unittest\HeapEnum\deletedProperties.baseline = unittest\HeapEnum\deletedProperties.baseline
		unittest\HeapEnum\deletedProperties.js = unittest\HeapEnum\deletedProperties.js
		unittest\HeapEnum\DoMultipleEnumsAcrossEngines.baseline = unittest\HeapEnum\DoMultipleEnumsAcrossEngines.baseline
		unittest\HeapEnum\DoMultipleEnumsAcrossEngines.js = unittest\HeapEnum\DoMultipleEnumsAcrossEngines.js
		unittest\HeapEnum\DoMultipleEnumsWithinOneEngine.baseline = unittest\HeapEnum\DoMultipleEnumsWithinOneEngine.baseline
		unittest\HeapEnum\DoMultipleEnumsWithinOneEngine.js = unittest\HeapEnum\DoMultipleEnumsWithinOneEngine.js
		unittest\HeapEnum\DoOneEnumWithNewEngine.baseline = unittest\HeapEnum\DoOneEnumWithNewEngine.baseline
		unittest\HeapEnum\DoOneEnumWithNewEngine.js = unittest\HeapEnum\DoOneEnumWithNewEngine.js
		unittest\HeapEnum\FastDomProperties.html = unittest\HeapEnum\FastDomProperties.html
		unittest\HeapEnum\HostTypes.baseline = unittest\HeapEnum\HostTypes.baseline
		unittest\HeapEnum\HostTypes.js = unittest\HeapEnum\HostTypes.js
		unittest\HeapEnum\internalProperties.js = unittest\HeapEnum\internalProperties.js
		unittest\HeapEnum\JavascriptDispatch.baseline = unittest\HeapEnum\JavascriptDispatch.baseline
		unittest\HeapEnum\JavascriptDispatch.html = unittest\HeapEnum\JavascriptDispatch.html
		unittest\HeapEnum\properties.js = unittest\HeapEnum\properties.js
		unittest\HeapEnum\regexp-dna.js = unittest\HeapEnum\regexp-dna.js
		unittest\HeapEnum\simpleChildFrame.html = unittest\HeapEnum\simpleChildFrame.html
		unittest\HeapEnum\SimpleDOM.html = unittest\HeapEnum\SimpleDOM.html
		unittest\HeapEnum\SimpleFastDOM.html = unittest\HeapEnum\SimpleFastDOM.html
		unittest\HeapEnum\simpleParentWithFrame.baseline = unittest\HeapEnum\simpleParentWithFrame.baseline
		unittest\HeapEnum\simpleParentWithFrame.html = unittest\HeapEnum\simpleParentWithFrame.html
		unittest\HeapEnum\string.js = unittest\HeapEnum\string.js
		unittest\HeapEnum\utils.js = unittest\HeapEnum\utils.js
	EndProjectSection
EndProject
Project("{8BC9CEB8-8B4A-11D0-8D11-00A0C91BC942}") = "manifests-inbox", "dep\manifests-inbox.vcxproj", "{14BBB4B1-DA6A-4C69-BF07-F8D4865E0815}"
EndProject
Project("{8BC9CEB8-8B4A-11D0-8D11-00A0C91BC942}") = "jsrt", "unittest\jsrt\jsrt.vcxproj", "{95FF4585-3E08-4093-BB18-D430262313DA}"
EndProject
Project("{8BC9CEB8-8B4A-11D0-8D11-00A0C91BC942}") = "JScript9Diag", "Dll\JScriptDiag\JScriptDiag.vcxproj", "{D81EF7CF-1D44-46B5-843E-4C0F1626A1E2}"
EndProject
Global
	GlobalSection(SolutionConfigurationPlatforms) = preSolution
		all-chk|Win32 = all-chk|Win32
		all-chk|x64 = all-chk|x64
		all-chk|x86 = all-chk|x86
		all-fre|Win32 = all-fre|Win32
		all-fre|x64 = all-fre|x64
		all-fre|x86 = all-fre|x86
		jc-chk|Win32 = jc-chk|Win32
		jc-chk|x64 = jc-chk|x64
		jc-chk|x86 = jc-chk|x86
		jc-fre|Win32 = jc-fre|Win32
		jc-fre|x64 = jc-fre|x64
		jc-fre|x86 = jc-fre|x86
		jshost-chk|Win32 = jshost-chk|Win32
		jshost-chk|x64 = jshost-chk|x64
		jshost-chk|x86 = jshost-chk|x86
		jshost-fre|Win32 = jshost-fre|Win32
		jshost-fre|x64 = jshost-fre|x64
		jshost-fre|x86 = jshost-fre|x86
	EndGlobalSection
	GlobalSection(ProjectConfigurationPlatforms) = postSolution
		{BB4153FF-AC3E-4734-B562-CC23812DF31B}.all-chk|Win32.ActiveCfg = chk|Win32
		{BB4153FF-AC3E-4734-B562-CC23812DF31B}.all-chk|Win32.Build.0 = chk|Win32
		{BB4153FF-AC3E-4734-B562-CC23812DF31B}.all-chk|x64.ActiveCfg = chk|x64
		{BB4153FF-AC3E-4734-B562-CC23812DF31B}.all-chk|x64.Build.0 = chk|x64
		{BB4153FF-AC3E-4734-B562-CC23812DF31B}.all-chk|x86.ActiveCfg = chk|Win32
		{BB4153FF-AC3E-4734-B562-CC23812DF31B}.all-chk|x86.Build.0 = chk|Win32
		{BB4153FF-AC3E-4734-B562-CC23812DF31B}.all-fre|Win32.ActiveCfg = fre|Win32
		{BB4153FF-AC3E-4734-B562-CC23812DF31B}.all-fre|Win32.Build.0 = fre|Win32
		{BB4153FF-AC3E-4734-B562-CC23812DF31B}.all-fre|x64.ActiveCfg = fre|x64
		{BB4153FF-AC3E-4734-B562-CC23812DF31B}.all-fre|x64.Build.0 = fre|x64
		{BB4153FF-AC3E-4734-B562-CC23812DF31B}.all-fre|x86.ActiveCfg = fre|Win32
		{BB4153FF-AC3E-4734-B562-CC23812DF31B}.all-fre|x86.Build.0 = fre|Win32
		{BB4153FF-AC3E-4734-B562-CC23812DF31B}.jc-chk|Win32.ActiveCfg = chk|Win32
		{BB4153FF-AC3E-4734-B562-CC23812DF31B}.jc-chk|Win32.Build.0 = chk|Win32
		{BB4153FF-AC3E-4734-B562-CC23812DF31B}.jc-chk|x64.ActiveCfg = chk|x64
		{BB4153FF-AC3E-4734-B562-CC23812DF31B}.jc-chk|x64.Build.0 = chk|x64
		{BB4153FF-AC3E-4734-B562-CC23812DF31B}.jc-chk|x86.ActiveCfg = chk|Win32
		{BB4153FF-AC3E-4734-B562-CC23812DF31B}.jc-chk|x86.Build.0 = chk|Win32
		{BB4153FF-AC3E-4734-B562-CC23812DF31B}.jc-fre|Win32.ActiveCfg = fre|Win32
		{BB4153FF-AC3E-4734-B562-CC23812DF31B}.jc-fre|Win32.Build.0 = fre|Win32
		{BB4153FF-AC3E-4734-B562-CC23812DF31B}.jc-fre|x64.ActiveCfg = fre|x64
		{BB4153FF-AC3E-4734-B562-CC23812DF31B}.jc-fre|x64.Build.0 = fre|x64
		{BB4153FF-AC3E-4734-B562-CC23812DF31B}.jc-fre|x86.ActiveCfg = fre|Win32
		{BB4153FF-AC3E-4734-B562-CC23812DF31B}.jc-fre|x86.Build.0 = fre|Win32
		{BB4153FF-AC3E-4734-B562-CC23812DF31B}.jshost-chk|Win32.ActiveCfg = chk|Win32
		{BB4153FF-AC3E-4734-B562-CC23812DF31B}.jshost-chk|Win32.Build.0 = chk|Win32
		{BB4153FF-AC3E-4734-B562-CC23812DF31B}.jshost-chk|x64.ActiveCfg = chk|x64
		{BB4153FF-AC3E-4734-B562-CC23812DF31B}.jshost-chk|x64.Build.0 = chk|x64
		{BB4153FF-AC3E-4734-B562-CC23812DF31B}.jshost-chk|x86.ActiveCfg = chk|Win32
		{BB4153FF-AC3E-4734-B562-CC23812DF31B}.jshost-chk|x86.Build.0 = chk|Win32
		{BB4153FF-AC3E-4734-B562-CC23812DF31B}.jshost-fre|Win32.ActiveCfg = fre|Win32
		{BB4153FF-AC3E-4734-B562-CC23812DF31B}.jshost-fre|Win32.Build.0 = fre|Win32
		{BB4153FF-AC3E-4734-B562-CC23812DF31B}.jshost-fre|x64.ActiveCfg = fre|x64
		{BB4153FF-AC3E-4734-B562-CC23812DF31B}.jshost-fre|x64.Build.0 = fre|x64
		{BB4153FF-AC3E-4734-B562-CC23812DF31B}.jshost-fre|x86.ActiveCfg = fre|Win32
		{BB4153FF-AC3E-4734-B562-CC23812DF31B}.jshost-fre|x86.Build.0 = fre|Win32
		{F6FAD160-5A4B-476A-93AC-33E0B3A18C0C}.all-chk|Win32.ActiveCfg = chk|Win32
		{F6FAD160-5A4B-476A-93AC-33E0B3A18C0C}.all-chk|Win32.Build.0 = chk|Win32
		{F6FAD160-5A4B-476A-93AC-33E0B3A18C0C}.all-chk|x64.ActiveCfg = chk|x64
		{F6FAD160-5A4B-476A-93AC-33E0B3A18C0C}.all-chk|x64.Build.0 = chk|x64
		{F6FAD160-5A4B-476A-93AC-33E0B3A18C0C}.all-chk|x86.ActiveCfg = chk|Win32
		{F6FAD160-5A4B-476A-93AC-33E0B3A18C0C}.all-chk|x86.Build.0 = chk|Win32
		{F6FAD160-5A4B-476A-93AC-33E0B3A18C0C}.all-fre|Win32.ActiveCfg = fre|Win32
		{F6FAD160-5A4B-476A-93AC-33E0B3A18C0C}.all-fre|Win32.Build.0 = fre|Win32
		{F6FAD160-5A4B-476A-93AC-33E0B3A18C0C}.all-fre|x64.ActiveCfg = fre|x64
		{F6FAD160-5A4B-476A-93AC-33E0B3A18C0C}.all-fre|x64.Build.0 = fre|x64
		{F6FAD160-5A4B-476A-93AC-33E0B3A18C0C}.all-fre|x86.ActiveCfg = fre|Win32
		{F6FAD160-5A4B-476A-93AC-33E0B3A18C0C}.all-fre|x86.Build.0 = fre|Win32
		{F6FAD160-5A4B-476A-93AC-33E0B3A18C0C}.jc-chk|Win32.ActiveCfg = chk|Win32
		{F6FAD160-5A4B-476A-93AC-33E0B3A18C0C}.jc-chk|Win32.Build.0 = chk|Win32
		{F6FAD160-5A4B-476A-93AC-33E0B3A18C0C}.jc-chk|x64.ActiveCfg = chk|x64
		{F6FAD160-5A4B-476A-93AC-33E0B3A18C0C}.jc-chk|x64.Build.0 = chk|x64
		{F6FAD160-5A4B-476A-93AC-33E0B3A18C0C}.jc-chk|x86.ActiveCfg = chk|Win32
		{F6FAD160-5A4B-476A-93AC-33E0B3A18C0C}.jc-chk|x86.Build.0 = chk|Win32
		{F6FAD160-5A4B-476A-93AC-33E0B3A18C0C}.jc-fre|Win32.ActiveCfg = fre|Win32
		{F6FAD160-5A4B-476A-93AC-33E0B3A18C0C}.jc-fre|Win32.Build.0 = fre|Win32
		{F6FAD160-5A4B-476A-93AC-33E0B3A18C0C}.jc-fre|x64.ActiveCfg = fre|x64
		{F6FAD160-5A4B-476A-93AC-33E0B3A18C0C}.jc-fre|x64.Build.0 = fre|x64
		{F6FAD160-5A4B-476A-93AC-33E0B3A18C0C}.jc-fre|x86.ActiveCfg = fre|Win32
		{F6FAD160-5A4B-476A-93AC-33E0B3A18C0C}.jc-fre|x86.Build.0 = fre|Win32
		{F6FAD160-5A4B-476A-93AC-33E0B3A18C0C}.jshost-chk|Win32.ActiveCfg = chk|Win32
		{F6FAD160-5A4B-476A-93AC-33E0B3A18C0C}.jshost-chk|Win32.Build.0 = chk|Win32
		{F6FAD160-5A4B-476A-93AC-33E0B3A18C0C}.jshost-chk|x64.ActiveCfg = chk|x64
		{F6FAD160-5A4B-476A-93AC-33E0B3A18C0C}.jshost-chk|x64.Build.0 = chk|x64
		{F6FAD160-5A4B-476A-93AC-33E0B3A18C0C}.jshost-chk|x86.ActiveCfg = chk|Win32
		{F6FAD160-5A4B-476A-93AC-33E0B3A18C0C}.jshost-chk|x86.Build.0 = chk|Win32
		{F6FAD160-5A4B-476A-93AC-33E0B3A18C0C}.jshost-fre|Win32.ActiveCfg = fre|Win32
		{F6FAD160-5A4B-476A-93AC-33E0B3A18C0C}.jshost-fre|Win32.Build.0 = fre|Win32
		{F6FAD160-5A4B-476A-93AC-33E0B3A18C0C}.jshost-fre|x64.ActiveCfg = fre|x64
		{F6FAD160-5A4B-476A-93AC-33E0B3A18C0C}.jshost-fre|x64.Build.0 = fre|x64
		{F6FAD160-5A4B-476A-93AC-33E0B3A18C0C}.jshost-fre|x86.ActiveCfg = fre|Win32
		{F6FAD160-5A4B-476A-93AC-33E0B3A18C0C}.jshost-fre|x86.Build.0 = fre|Win32
		{706083F7-6AA4-4558-A153-6352EF9110F5}.all-chk|Win32.ActiveCfg = chk|Win32
		{706083F7-6AA4-4558-A153-6352EF9110F5}.all-chk|Win32.Build.0 = chk|Win32
		{706083F7-6AA4-4558-A153-6352EF9110F5}.all-chk|x64.ActiveCfg = chk|x64
		{706083F7-6AA4-4558-A153-6352EF9110F5}.all-chk|x64.Build.0 = chk|x64
		{706083F7-6AA4-4558-A153-6352EF9110F5}.all-chk|x86.ActiveCfg = chk|Win32
		{706083F7-6AA4-4558-A153-6352EF9110F5}.all-chk|x86.Build.0 = chk|Win32
		{706083F7-6AA4-4558-A153-6352EF9110F5}.all-fre|Win32.ActiveCfg = fre|Win32
		{706083F7-6AA4-4558-A153-6352EF9110F5}.all-fre|Win32.Build.0 = fre|Win32
		{706083F7-6AA4-4558-A153-6352EF9110F5}.all-fre|x64.ActiveCfg = fre|x64
		{706083F7-6AA4-4558-A153-6352EF9110F5}.all-fre|x64.Build.0 = fre|x64
		{706083F7-6AA4-4558-A153-6352EF9110F5}.all-fre|x86.ActiveCfg = fre|Win32
		{706083F7-6AA4-4558-A153-6352EF9110F5}.all-fre|x86.Build.0 = fre|Win32
		{706083F7-6AA4-4558-A153-6352EF9110F5}.jc-chk|Win32.ActiveCfg = chk|Win32
		{706083F7-6AA4-4558-A153-6352EF9110F5}.jc-chk|Win32.Build.0 = chk|Win32
		{706083F7-6AA4-4558-A153-6352EF9110F5}.jc-chk|x64.ActiveCfg = chk|x64
		{706083F7-6AA4-4558-A153-6352EF9110F5}.jc-chk|x64.Build.0 = chk|x64
		{706083F7-6AA4-4558-A153-6352EF9110F5}.jc-chk|x86.ActiveCfg = chk|Win32
		{706083F7-6AA4-4558-A153-6352EF9110F5}.jc-chk|x86.Build.0 = chk|Win32
		{706083F7-6AA4-4558-A153-6352EF9110F5}.jc-fre|Win32.ActiveCfg = fre|Win32
		{706083F7-6AA4-4558-A153-6352EF9110F5}.jc-fre|Win32.Build.0 = fre|Win32
		{706083F7-6AA4-4558-A153-6352EF9110F5}.jc-fre|x64.ActiveCfg = fre|x64
		{706083F7-6AA4-4558-A153-6352EF9110F5}.jc-fre|x64.Build.0 = fre|x64
		{706083F7-6AA4-4558-A153-6352EF9110F5}.jc-fre|x86.ActiveCfg = fre|Win32
		{706083F7-6AA4-4558-A153-6352EF9110F5}.jc-fre|x86.Build.0 = fre|Win32
		{706083F7-6AA4-4558-A153-6352EF9110F5}.jshost-chk|Win32.ActiveCfg = chk|Win32
		{706083F7-6AA4-4558-A153-6352EF9110F5}.jshost-chk|Win32.Build.0 = chk|Win32
		{706083F7-6AA4-4558-A153-6352EF9110F5}.jshost-chk|x64.ActiveCfg = chk|x64
		{706083F7-6AA4-4558-A153-6352EF9110F5}.jshost-chk|x64.Build.0 = chk|x64
		{706083F7-6AA4-4558-A153-6352EF9110F5}.jshost-chk|x86.ActiveCfg = chk|Win32
		{706083F7-6AA4-4558-A153-6352EF9110F5}.jshost-chk|x86.Build.0 = chk|Win32
		{706083F7-6AA4-4558-A153-6352EF9110F5}.jshost-fre|Win32.ActiveCfg = fre|Win32
		{706083F7-6AA4-4558-A153-6352EF9110F5}.jshost-fre|Win32.Build.0 = fre|Win32
		{706083F7-6AA4-4558-A153-6352EF9110F5}.jshost-fre|x64.ActiveCfg = fre|x64
		{706083F7-6AA4-4558-A153-6352EF9110F5}.jshost-fre|x64.Build.0 = fre|x64
		{706083F7-6AA4-4558-A153-6352EF9110F5}.jshost-fre|x86.ActiveCfg = fre|Win32
		{706083F7-6AA4-4558-A153-6352EF9110F5}.jshost-fre|x86.Build.0 = fre|Win32
		{18CF279F-188D-4655-B03D-74F65388E7D1}.all-chk|Win32.ActiveCfg = chk|Win32
		{18CF279F-188D-4655-B03D-74F65388E7D1}.all-chk|Win32.Build.0 = chk|Win32
		{18CF279F-188D-4655-B03D-74F65388E7D1}.all-chk|x64.ActiveCfg = chk|x64
		{18CF279F-188D-4655-B03D-74F65388E7D1}.all-chk|x64.Build.0 = chk|x64
		{18CF279F-188D-4655-B03D-74F65388E7D1}.all-chk|x86.ActiveCfg = chk|Win32
		{18CF279F-188D-4655-B03D-74F65388E7D1}.all-chk|x86.Build.0 = chk|Win32
		{18CF279F-188D-4655-B03D-74F65388E7D1}.all-fre|Win32.ActiveCfg = fre|Win32
		{18CF279F-188D-4655-B03D-74F65388E7D1}.all-fre|Win32.Build.0 = fre|Win32
		{18CF279F-188D-4655-B03D-74F65388E7D1}.all-fre|x64.ActiveCfg = fre|x64
		{18CF279F-188D-4655-B03D-74F65388E7D1}.all-fre|x64.Build.0 = fre|x64
		{18CF279F-188D-4655-B03D-74F65388E7D1}.all-fre|x86.ActiveCfg = fre|Win32
		{18CF279F-188D-4655-B03D-74F65388E7D1}.all-fre|x86.Build.0 = fre|Win32
		{18CF279F-188D-4655-B03D-74F65388E7D1}.jc-chk|Win32.ActiveCfg = chk|Win32
		{18CF279F-188D-4655-B03D-74F65388E7D1}.jc-chk|Win32.Build.0 = chk|Win32
		{18CF279F-188D-4655-B03D-74F65388E7D1}.jc-chk|x64.ActiveCfg = chk|x64
		{18CF279F-188D-4655-B03D-74F65388E7D1}.jc-chk|x64.Build.0 = chk|x64
		{18CF279F-188D-4655-B03D-74F65388E7D1}.jc-chk|x86.ActiveCfg = chk|Win32
		{18CF279F-188D-4655-B03D-74F65388E7D1}.jc-chk|x86.Build.0 = chk|Win32
		{18CF279F-188D-4655-B03D-74F65388E7D1}.jc-fre|Win32.ActiveCfg = fre|Win32
		{18CF279F-188D-4655-B03D-74F65388E7D1}.jc-fre|Win32.Build.0 = fre|Win32
		{18CF279F-188D-4655-B03D-74F65388E7D1}.jc-fre|x64.ActiveCfg = fre|x64
		{18CF279F-188D-4655-B03D-74F65388E7D1}.jc-fre|x64.Build.0 = fre|x64
		{18CF279F-188D-4655-B03D-74F65388E7D1}.jc-fre|x86.ActiveCfg = fre|Win32
		{18CF279F-188D-4655-B03D-74F65388E7D1}.jc-fre|x86.Build.0 = fre|Win32
		{18CF279F-188D-4655-B03D-74F65388E7D1}.jshost-chk|Win32.ActiveCfg = chk|Win32
		{18CF279F-188D-4655-B03D-74F65388E7D1}.jshost-chk|Win32.Build.0 = chk|Win32
		{18CF279F-188D-4655-B03D-74F65388E7D1}.jshost-chk|x64.ActiveCfg = chk|x64
		{18CF279F-188D-4655-B03D-74F65388E7D1}.jshost-chk|x64.Build.0 = chk|x64
		{18CF279F-188D-4655-B03D-74F65388E7D1}.jshost-chk|x86.ActiveCfg = chk|Win32
		{18CF279F-188D-4655-B03D-74F65388E7D1}.jshost-chk|x86.Build.0 = chk|Win32
		{18CF279F-188D-4655-B03D-74F65388E7D1}.jshost-fre|Win32.ActiveCfg = fre|Win32
		{18CF279F-188D-4655-B03D-74F65388E7D1}.jshost-fre|Win32.Build.0 = fre|Win32
		{18CF279F-188D-4655-B03D-74F65388E7D1}.jshost-fre|x64.ActiveCfg = fre|x64
		{18CF279F-188D-4655-B03D-74F65388E7D1}.jshost-fre|x64.Build.0 = fre|x64
		{18CF279F-188D-4655-B03D-74F65388E7D1}.jshost-fre|x86.ActiveCfg = fre|Win32
		{18CF279F-188D-4655-B03D-74F65388E7D1}.jshost-fre|x86.Build.0 = fre|Win32
		{EA882C8D-81FC-42FE-ABD5-2666DB933FDA}.all-chk|Win32.ActiveCfg = chk|Win32
		{EA882C8D-81FC-42FE-ABD5-2666DB933FDA}.all-chk|Win32.Build.0 = chk|Win32
		{EA882C8D-81FC-42FE-ABD5-2666DB933FDA}.all-chk|x64.ActiveCfg = chk|x64
		{EA882C8D-81FC-42FE-ABD5-2666DB933FDA}.all-chk|x64.Build.0 = chk|x64
		{EA882C8D-81FC-42FE-ABD5-2666DB933FDA}.all-chk|x86.ActiveCfg = chk|Win32
		{EA882C8D-81FC-42FE-ABD5-2666DB933FDA}.all-chk|x86.Build.0 = chk|Win32
		{EA882C8D-81FC-42FE-ABD5-2666DB933FDA}.all-fre|Win32.ActiveCfg = fre|Win32
		{EA882C8D-81FC-42FE-ABD5-2666DB933FDA}.all-fre|Win32.Build.0 = fre|Win32
		{EA882C8D-81FC-42FE-ABD5-2666DB933FDA}.all-fre|x64.ActiveCfg = fre|x64
		{EA882C8D-81FC-42FE-ABD5-2666DB933FDA}.all-fre|x64.Build.0 = fre|x64
		{EA882C8D-81FC-42FE-ABD5-2666DB933FDA}.all-fre|x86.ActiveCfg = fre|Win32
		{EA882C8D-81FC-42FE-ABD5-2666DB933FDA}.all-fre|x86.Build.0 = fre|Win32
		{EA882C8D-81FC-42FE-ABD5-2666DB933FDA}.jc-chk|Win32.ActiveCfg = chk|Win32
		{EA882C8D-81FC-42FE-ABD5-2666DB933FDA}.jc-chk|Win32.Build.0 = chk|Win32
		{EA882C8D-81FC-42FE-ABD5-2666DB933FDA}.jc-chk|x64.ActiveCfg = chk|x64
		{EA882C8D-81FC-42FE-ABD5-2666DB933FDA}.jc-chk|x86.ActiveCfg = chk|Win32
		{EA882C8D-81FC-42FE-ABD5-2666DB933FDA}.jc-fre|Win32.ActiveCfg = fre|Win32
		{EA882C8D-81FC-42FE-ABD5-2666DB933FDA}.jc-fre|Win32.Build.0 = fre|Win32
		{EA882C8D-81FC-42FE-ABD5-2666DB933FDA}.jc-fre|x64.ActiveCfg = fre|x64
		{EA882C8D-81FC-42FE-ABD5-2666DB933FDA}.jc-fre|x86.ActiveCfg = fre|Win32
		{EA882C8D-81FC-42FE-ABD5-2666DB933FDA}.jshost-chk|Win32.ActiveCfg = chk|Win32
		{EA882C8D-81FC-42FE-ABD5-2666DB933FDA}.jshost-chk|Win32.Build.0 = chk|Win32
		{EA882C8D-81FC-42FE-ABD5-2666DB933FDA}.jshost-chk|x64.ActiveCfg = chk|x64
		{EA882C8D-81FC-42FE-ABD5-2666DB933FDA}.jshost-chk|x64.Build.0 = chk|x64
		{EA882C8D-81FC-42FE-ABD5-2666DB933FDA}.jshost-chk|x86.ActiveCfg = chk|Win32
		{EA882C8D-81FC-42FE-ABD5-2666DB933FDA}.jshost-chk|x86.Build.0 = chk|Win32
		{EA882C8D-81FC-42FE-ABD5-2666DB933FDA}.jshost-fre|Win32.ActiveCfg = fre|Win32
		{EA882C8D-81FC-42FE-ABD5-2666DB933FDA}.jshost-fre|Win32.Build.0 = fre|Win32
		{EA882C8D-81FC-42FE-ABD5-2666DB933FDA}.jshost-fre|x64.ActiveCfg = fre|x64
		{EA882C8D-81FC-42FE-ABD5-2666DB933FDA}.jshost-fre|x64.Build.0 = fre|x64
		{EA882C8D-81FC-42FE-ABD5-2666DB933FDA}.jshost-fre|x86.ActiveCfg = fre|Win32
		{EA882C8D-81FC-42FE-ABD5-2666DB933FDA}.jshost-fre|x86.Build.0 = fre|Win32
		{CBDB0505-DA56-41F2-BA0E-C2900C55E62A}.all-chk|Win32.ActiveCfg = chk|Win32
		{CBDB0505-DA56-41F2-BA0E-C2900C55E62A}.all-chk|Win32.Build.0 = chk|Win32
		{CBDB0505-DA56-41F2-BA0E-C2900C55E62A}.all-chk|x64.ActiveCfg = chk|x64
		{CBDB0505-DA56-41F2-BA0E-C2900C55E62A}.all-chk|x64.Build.0 = chk|x64
		{CBDB0505-DA56-41F2-BA0E-C2900C55E62A}.all-chk|x86.ActiveCfg = chk|Win32
		{CBDB0505-DA56-41F2-BA0E-C2900C55E62A}.all-chk|x86.Build.0 = chk|Win32
		{CBDB0505-DA56-41F2-BA0E-C2900C55E62A}.all-fre|Win32.ActiveCfg = fre|Win32
		{CBDB0505-DA56-41F2-BA0E-C2900C55E62A}.all-fre|Win32.Build.0 = fre|Win32
		{CBDB0505-DA56-41F2-BA0E-C2900C55E62A}.all-fre|x64.ActiveCfg = fre|x64
		{CBDB0505-DA56-41F2-BA0E-C2900C55E62A}.all-fre|x64.Build.0 = fre|x64
		{CBDB0505-DA56-41F2-BA0E-C2900C55E62A}.all-fre|x86.ActiveCfg = fre|Win32
		{CBDB0505-DA56-41F2-BA0E-C2900C55E62A}.all-fre|x86.Build.0 = fre|Win32
		{CBDB0505-DA56-41F2-BA0E-C2900C55E62A}.jc-chk|Win32.ActiveCfg = chk|Win32
		{CBDB0505-DA56-41F2-BA0E-C2900C55E62A}.jc-chk|Win32.Build.0 = chk|Win32
		{CBDB0505-DA56-41F2-BA0E-C2900C55E62A}.jc-chk|x64.ActiveCfg = chk|x64
		{CBDB0505-DA56-41F2-BA0E-C2900C55E62A}.jc-chk|x64.Build.0 = chk|x64
		{CBDB0505-DA56-41F2-BA0E-C2900C55E62A}.jc-chk|x86.ActiveCfg = chk|Win32
		{CBDB0505-DA56-41F2-BA0E-C2900C55E62A}.jc-chk|x86.Build.0 = chk|Win32
		{CBDB0505-DA56-41F2-BA0E-C2900C55E62A}.jc-fre|Win32.ActiveCfg = fre|Win32
		{CBDB0505-DA56-41F2-BA0E-C2900C55E62A}.jc-fre|Win32.Build.0 = fre|Win32
		{CBDB0505-DA56-41F2-BA0E-C2900C55E62A}.jc-fre|x64.ActiveCfg = fre|x64
		{CBDB0505-DA56-41F2-BA0E-C2900C55E62A}.jc-fre|x64.Build.0 = fre|x64
		{CBDB0505-DA56-41F2-BA0E-C2900C55E62A}.jc-fre|x86.ActiveCfg = fre|Win32
		{CBDB0505-DA56-41F2-BA0E-C2900C55E62A}.jc-fre|x86.Build.0 = fre|Win32
		{CBDB0505-DA56-41F2-BA0E-C2900C55E62A}.jshost-chk|Win32.ActiveCfg = chk|Win32
		{CBDB0505-DA56-41F2-BA0E-C2900C55E62A}.jshost-chk|Win32.Build.0 = chk|Win32
		{CBDB0505-DA56-41F2-BA0E-C2900C55E62A}.jshost-chk|x64.ActiveCfg = chk|x64
		{CBDB0505-DA56-41F2-BA0E-C2900C55E62A}.jshost-chk|x86.ActiveCfg = chk|Win32
		{CBDB0505-DA56-41F2-BA0E-C2900C55E62A}.jshost-fre|Win32.ActiveCfg = fre|Win32
		{CBDB0505-DA56-41F2-BA0E-C2900C55E62A}.jshost-fre|Win32.Build.0 = fre|Win32
		{CBDB0505-DA56-41F2-BA0E-C2900C55E62A}.jshost-fre|x64.ActiveCfg = fre|x64
		{CBDB0505-DA56-41F2-BA0E-C2900C55E62A}.jshost-fre|x86.ActiveCfg = fre|Win32
		{94E22D67-70E5-468F-A62C-9D657B1D170F}.all-chk|Win32.ActiveCfg = chk|Win32
		{94E22D67-70E5-468F-A62C-9D657B1D170F}.all-chk|Win32.Build.0 = chk|Win32
		{94E22D67-70E5-468F-A62C-9D657B1D170F}.all-chk|x64.ActiveCfg = chk|x64
		{94E22D67-70E5-468F-A62C-9D657B1D170F}.all-chk|x64.Build.0 = chk|x64
		{94E22D67-70E5-468F-A62C-9D657B1D170F}.all-chk|x86.ActiveCfg = chk|Win32
		{94E22D67-70E5-468F-A62C-9D657B1D170F}.all-chk|x86.Build.0 = chk|Win32
		{94E22D67-70E5-468F-A62C-9D657B1D170F}.all-fre|Win32.ActiveCfg = fre|Win32
		{94E22D67-70E5-468F-A62C-9D657B1D170F}.all-fre|Win32.Build.0 = fre|Win32
		{94E22D67-70E5-468F-A62C-9D657B1D170F}.all-fre|x64.ActiveCfg = fre|x64
		{94E22D67-70E5-468F-A62C-9D657B1D170F}.all-fre|x64.Build.0 = fre|x64
		{94E22D67-70E5-468F-A62C-9D657B1D170F}.all-fre|x86.ActiveCfg = fre|Win32
		{94E22D67-70E5-468F-A62C-9D657B1D170F}.all-fre|x86.Build.0 = fre|Win32
		{94E22D67-70E5-468F-A62C-9D657B1D170F}.jc-chk|Win32.ActiveCfg = chk|Win32
		{94E22D67-70E5-468F-A62C-9D657B1D170F}.jc-chk|Win32.Build.0 = chk|Win32
		{94E22D67-70E5-468F-A62C-9D657B1D170F}.jc-chk|x64.ActiveCfg = chk|x64
		{94E22D67-70E5-468F-A62C-9D657B1D170F}.jc-chk|x86.ActiveCfg = chk|Win32
		{94E22D67-70E5-468F-A62C-9D657B1D170F}.jc-fre|Win32.ActiveCfg = fre|Win32
		{94E22D67-70E5-468F-A62C-9D657B1D170F}.jc-fre|Win32.Build.0 = fre|Win32
		{94E22D67-70E5-468F-A62C-9D657B1D170F}.jc-fre|x64.ActiveCfg = fre|x64
		{94E22D67-70E5-468F-A62C-9D657B1D170F}.jc-fre|x86.ActiveCfg = fre|Win32
		{94E22D67-70E5-468F-A62C-9D657B1D170F}.jshost-chk|Win32.ActiveCfg = chk|Win32
		{94E22D67-70E5-468F-A62C-9D657B1D170F}.jshost-chk|Win32.Build.0 = chk|Win32
		{94E22D67-70E5-468F-A62C-9D657B1D170F}.jshost-chk|x64.ActiveCfg = chk|x64
		{94E22D67-70E5-468F-A62C-9D657B1D170F}.jshost-chk|x86.ActiveCfg = chk|Win32
		{94E22D67-70E5-468F-A62C-9D657B1D170F}.jshost-fre|Win32.ActiveCfg = fre|Win32
		{94E22D67-70E5-468F-A62C-9D657B1D170F}.jshost-fre|Win32.Build.0 = fre|Win32
		{94E22D67-70E5-468F-A62C-9D657B1D170F}.jshost-fre|x64.ActiveCfg = fre|x64
		{94E22D67-70E5-468F-A62C-9D657B1D170F}.jshost-fre|x86.ActiveCfg = fre|Win32
		{5CF57588-FB4A-4B00-85BB-8EE78AEE1311}.all-chk|Win32.ActiveCfg = chk|Win32
		{5CF57588-FB4A-4B00-85BB-8EE78AEE1311}.all-chk|Win32.Build.0 = chk|Win32
		{5CF57588-FB4A-4B00-85BB-8EE78AEE1311}.all-chk|x64.ActiveCfg = chk|x64
		{5CF57588-FB4A-4B00-85BB-8EE78AEE1311}.all-chk|x64.Build.0 = chk|x64
		{5CF57588-FB4A-4B00-85BB-8EE78AEE1311}.all-chk|x86.ActiveCfg = chk|Win32
		{5CF57588-FB4A-4B00-85BB-8EE78AEE1311}.all-chk|x86.Build.0 = chk|Win32
		{5CF57588-FB4A-4B00-85BB-8EE78AEE1311}.all-fre|Win32.ActiveCfg = fre|Win32
		{5CF57588-FB4A-4B00-85BB-8EE78AEE1311}.all-fre|Win32.Build.0 = fre|Win32
		{5CF57588-FB4A-4B00-85BB-8EE78AEE1311}.all-fre|x64.ActiveCfg = fre|x64
		{5CF57588-FB4A-4B00-85BB-8EE78AEE1311}.all-fre|x64.Build.0 = fre|x64
		{5CF57588-FB4A-4B00-85BB-8EE78AEE1311}.all-fre|x86.ActiveCfg = fre|Win32
		{5CF57588-FB4A-4B00-85BB-8EE78AEE1311}.all-fre|x86.Build.0 = fre|Win32
		{5CF57588-FB4A-4B00-85BB-8EE78AEE1311}.jc-chk|Win32.ActiveCfg = chk|Win32
		{5CF57588-FB4A-4B00-85BB-8EE78AEE1311}.jc-chk|Win32.Build.0 = chk|Win32
		{5CF57588-FB4A-4B00-85BB-8EE78AEE1311}.jc-chk|x64.ActiveCfg = chk|x64
		{5CF57588-FB4A-4B00-85BB-8EE78AEE1311}.jc-chk|x86.ActiveCfg = chk|Win32
		{5CF57588-FB4A-4B00-85BB-8EE78AEE1311}.jc-fre|Win32.ActiveCfg = fre|Win32
		{5CF57588-FB4A-4B00-85BB-8EE78AEE1311}.jc-fre|Win32.Build.0 = fre|Win32
		{5CF57588-FB4A-4B00-85BB-8EE78AEE1311}.jc-fre|x64.ActiveCfg = fre|x64
		{5CF57588-FB4A-4B00-85BB-8EE78AEE1311}.jc-fre|x86.ActiveCfg = fre|Win32
		{5CF57588-FB4A-4B00-85BB-8EE78AEE1311}.jshost-chk|Win32.ActiveCfg = chk|Win32
		{5CF57588-FB4A-4B00-85BB-8EE78AEE1311}.jshost-chk|Win32.Build.0 = chk|Win32
		{5CF57588-FB4A-4B00-85BB-8EE78AEE1311}.jshost-chk|x64.ActiveCfg = chk|x64
		{5CF57588-FB4A-4B00-85BB-8EE78AEE1311}.jshost-chk|x86.ActiveCfg = chk|Win32
		{5CF57588-FB4A-4B00-85BB-8EE78AEE1311}.jshost-fre|Win32.ActiveCfg = fre|Win32
		{5CF57588-FB4A-4B00-85BB-8EE78AEE1311}.jshost-fre|Win32.Build.0 = fre|Win32
		{5CF57588-FB4A-4B00-85BB-8EE78AEE1311}.jshost-fre|x64.ActiveCfg = fre|x64
		{5CF57588-FB4A-4B00-85BB-8EE78AEE1311}.jshost-fre|x86.ActiveCfg = fre|Win32
		{E3889F57-9EF7-4CA5-B4D3-208F6E6396DE}.all-chk|Win32.ActiveCfg = chk|Win32
		{E3889F57-9EF7-4CA5-B4D3-208F6E6396DE}.all-chk|Win32.Build.0 = chk|Win32
		{E3889F57-9EF7-4CA5-B4D3-208F6E6396DE}.all-chk|x64.ActiveCfg = chk|x64
		{E3889F57-9EF7-4CA5-B4D3-208F6E6396DE}.all-chk|x64.Build.0 = chk|x64
		{E3889F57-9EF7-4CA5-B4D3-208F6E6396DE}.all-chk|x86.ActiveCfg = chk|Win32
		{E3889F57-9EF7-4CA5-B4D3-208F6E6396DE}.all-chk|x86.Build.0 = chk|Win32
		{E3889F57-9EF7-4CA5-B4D3-208F6E6396DE}.all-fre|Win32.ActiveCfg = fre|Win32
		{E3889F57-9EF7-4CA5-B4D3-208F6E6396DE}.all-fre|Win32.Build.0 = fre|Win32
		{E3889F57-9EF7-4CA5-B4D3-208F6E6396DE}.all-fre|x64.ActiveCfg = fre|x64
		{E3889F57-9EF7-4CA5-B4D3-208F6E6396DE}.all-fre|x64.Build.0 = fre|x64
		{E3889F57-9EF7-4CA5-B4D3-208F6E6396DE}.all-fre|x86.ActiveCfg = fre|Win32
		{E3889F57-9EF7-4CA5-B4D3-208F6E6396DE}.all-fre|x86.Build.0 = fre|Win32
		{E3889F57-9EF7-4CA5-B4D3-208F6E6396DE}.jc-chk|Win32.ActiveCfg = chk|Win32
		{E3889F57-9EF7-4CA5-B4D3-208F6E6396DE}.jc-chk|Win32.Build.0 = chk|Win32
		{E3889F57-9EF7-4CA5-B4D3-208F6E6396DE}.jc-chk|x64.ActiveCfg = chk|x64
		{E3889F57-9EF7-4CA5-B4D3-208F6E6396DE}.jc-chk|x86.ActiveCfg = chk|Win32
		{E3889F57-9EF7-4CA5-B4D3-208F6E6396DE}.jc-fre|Win32.ActiveCfg = fre|Win32
		{E3889F57-9EF7-4CA5-B4D3-208F6E6396DE}.jc-fre|Win32.Build.0 = fre|Win32
		{E3889F57-9EF7-4CA5-B4D3-208F6E6396DE}.jc-fre|x64.ActiveCfg = fre|x64
		{E3889F57-9EF7-4CA5-B4D3-208F6E6396DE}.jc-fre|x86.ActiveCfg = fre|Win32
		{E3889F57-9EF7-4CA5-B4D3-208F6E6396DE}.jshost-chk|Win32.ActiveCfg = chk|Win32
		{E3889F57-9EF7-4CA5-B4D3-208F6E6396DE}.jshost-chk|Win32.Build.0 = chk|Win32
		{E3889F57-9EF7-4CA5-B4D3-208F6E6396DE}.jshost-chk|x64.ActiveCfg = chk|x64
		{E3889F57-9EF7-4CA5-B4D3-208F6E6396DE}.jshost-chk|x86.ActiveCfg = chk|Win32
		{E3889F57-9EF7-4CA5-B4D3-208F6E6396DE}.jshost-fre|Win32.ActiveCfg = fre|Win32
		{E3889F57-9EF7-4CA5-B4D3-208F6E6396DE}.jshost-fre|Win32.Build.0 = fre|Win32
		{E3889F57-9EF7-4CA5-B4D3-208F6E6396DE}.jshost-fre|x64.ActiveCfg = fre|x64
		{E3889F57-9EF7-4CA5-B4D3-208F6E6396DE}.jshost-fre|x86.ActiveCfg = fre|Win32
		{ABC904AD-9415-46F8-AA23-E33193F81F7C}.all-chk|Win32.ActiveCfg = chk|Win32
		{ABC904AD-9415-46F8-AA23-E33193F81F7C}.all-chk|Win32.Build.0 = chk|Win32
		{ABC904AD-9415-46F8-AA23-E33193F81F7C}.all-chk|x64.ActiveCfg = chk|x64
		{ABC904AD-9415-46F8-AA23-E33193F81F7C}.all-chk|x64.Build.0 = chk|x64
		{ABC904AD-9415-46F8-AA23-E33193F81F7C}.all-chk|x86.ActiveCfg = chk|Win32
		{ABC904AD-9415-46F8-AA23-E33193F81F7C}.all-chk|x86.Build.0 = chk|Win32
		{ABC904AD-9415-46F8-AA23-E33193F81F7C}.all-fre|Win32.ActiveCfg = fre|Win32
		{ABC904AD-9415-46F8-AA23-E33193F81F7C}.all-fre|Win32.Build.0 = fre|Win32
		{ABC904AD-9415-46F8-AA23-E33193F81F7C}.all-fre|x64.ActiveCfg = fre|x64
		{ABC904AD-9415-46F8-AA23-E33193F81F7C}.all-fre|x64.Build.0 = fre|x64
		{ABC904AD-9415-46F8-AA23-E33193F81F7C}.all-fre|x86.ActiveCfg = fre|Win32
		{ABC904AD-9415-46F8-AA23-E33193F81F7C}.all-fre|x86.Build.0 = fre|Win32
		{ABC904AD-9415-46F8-AA23-E33193F81F7C}.jc-chk|Win32.ActiveCfg = chk|Win32
		{ABC904AD-9415-46F8-AA23-E33193F81F7C}.jc-chk|Win32.Build.0 = chk|Win32
		{ABC904AD-9415-46F8-AA23-E33193F81F7C}.jc-chk|x64.ActiveCfg = chk|x64
		{ABC904AD-9415-46F8-AA23-E33193F81F7C}.jc-chk|x64.Build.0 = chk|x64
		{ABC904AD-9415-46F8-AA23-E33193F81F7C}.jc-chk|x86.ActiveCfg = chk|Win32
		{ABC904AD-9415-46F8-AA23-E33193F81F7C}.jc-chk|x86.Build.0 = chk|Win32
		{ABC904AD-9415-46F8-AA23-E33193F81F7C}.jc-fre|Win32.ActiveCfg = fre|Win32
		{ABC904AD-9415-46F8-AA23-E33193F81F7C}.jc-fre|Win32.Build.0 = fre|Win32
		{ABC904AD-9415-46F8-AA23-E33193F81F7C}.jc-fre|x64.ActiveCfg = fre|x64
		{ABC904AD-9415-46F8-AA23-E33193F81F7C}.jc-fre|x64.Build.0 = fre|x64
		{ABC904AD-9415-46F8-AA23-E33193F81F7C}.jc-fre|x86.ActiveCfg = fre|Win32
		{ABC904AD-9415-46F8-AA23-E33193F81F7C}.jc-fre|x86.Build.0 = fre|Win32
		{ABC904AD-9415-46F8-AA23-E33193F81F7C}.jshost-chk|Win32.ActiveCfg = chk|Win32
		{ABC904AD-9415-46F8-AA23-E33193F81F7C}.jshost-chk|Win32.Build.0 = chk|Win32
		{ABC904AD-9415-46F8-AA23-E33193F81F7C}.jshost-chk|x64.ActiveCfg = chk|x64
		{ABC904AD-9415-46F8-AA23-E33193F81F7C}.jshost-chk|x64.Build.0 = chk|x64
		{ABC904AD-9415-46F8-AA23-E33193F81F7C}.jshost-chk|x86.ActiveCfg = chk|Win32
		{ABC904AD-9415-46F8-AA23-E33193F81F7C}.jshost-chk|x86.Build.0 = chk|Win32
		{ABC904AD-9415-46F8-AA23-E33193F81F7C}.jshost-fre|Win32.ActiveCfg = fre|Win32
		{ABC904AD-9415-46F8-AA23-E33193F81F7C}.jshost-fre|Win32.Build.0 = fre|Win32
		{ABC904AD-9415-46F8-AA23-E33193F81F7C}.jshost-fre|x64.ActiveCfg = fre|x64
		{ABC904AD-9415-46F8-AA23-E33193F81F7C}.jshost-fre|x64.Build.0 = fre|x64
		{ABC904AD-9415-46F8-AA23-E33193F81F7C}.jshost-fre|x86.ActiveCfg = fre|Win32
		{ABC904AD-9415-46F8-AA23-E33193F81F7C}.jshost-fre|x86.Build.0 = fre|Win32
		{8AF67707-1D98-4054-BC9A-6130865484BA}.all-chk|Win32.ActiveCfg = chk|Win32
		{8AF67707-1D98-4054-BC9A-6130865484BA}.all-chk|Win32.Build.0 = chk|Win32
		{8AF67707-1D98-4054-BC9A-6130865484BA}.all-chk|x64.ActiveCfg = chk|x64
		{8AF67707-1D98-4054-BC9A-6130865484BA}.all-chk|x64.Build.0 = chk|x64
		{8AF67707-1D98-4054-BC9A-6130865484BA}.all-chk|x86.ActiveCfg = chk|Win32
		{8AF67707-1D98-4054-BC9A-6130865484BA}.all-chk|x86.Build.0 = chk|Win32
		{8AF67707-1D98-4054-BC9A-6130865484BA}.all-fre|Win32.ActiveCfg = fre|Win32
		{8AF67707-1D98-4054-BC9A-6130865484BA}.all-fre|Win32.Build.0 = fre|Win32
		{8AF67707-1D98-4054-BC9A-6130865484BA}.all-fre|x64.ActiveCfg = fre|x64
		{8AF67707-1D98-4054-BC9A-6130865484BA}.all-fre|x64.Build.0 = fre|x64
		{8AF67707-1D98-4054-BC9A-6130865484BA}.all-fre|x86.ActiveCfg = fre|Win32
		{8AF67707-1D98-4054-BC9A-6130865484BA}.all-fre|x86.Build.0 = fre|Win32
		{8AF67707-1D98-4054-BC9A-6130865484BA}.jc-chk|Win32.ActiveCfg = chk|Win32
		{8AF67707-1D98-4054-BC9A-6130865484BA}.jc-chk|Win32.Build.0 = chk|Win32
		{8AF67707-1D98-4054-BC9A-6130865484BA}.jc-chk|x64.ActiveCfg = chk|x64
		{8AF67707-1D98-4054-BC9A-6130865484BA}.jc-chk|x86.ActiveCfg = chk|Win32
		{8AF67707-1D98-4054-BC9A-6130865484BA}.jc-fre|Win32.ActiveCfg = fre|Win32
		{8AF67707-1D98-4054-BC9A-6130865484BA}.jc-fre|Win32.Build.0 = fre|Win32
		{8AF67707-1D98-4054-BC9A-6130865484BA}.jc-fre|x64.ActiveCfg = fre|x64
		{8AF67707-1D98-4054-BC9A-6130865484BA}.jc-fre|x86.ActiveCfg = fre|Win32
		{8AF67707-1D98-4054-BC9A-6130865484BA}.jshost-chk|Win32.ActiveCfg = chk|Win32
		{8AF67707-1D98-4054-BC9A-6130865484BA}.jshost-chk|Win32.Build.0 = chk|Win32
		{8AF67707-1D98-4054-BC9A-6130865484BA}.jshost-chk|x64.ActiveCfg = chk|x64
		{8AF67707-1D98-4054-BC9A-6130865484BA}.jshost-chk|x64.Build.0 = chk|x64
		{8AF67707-1D98-4054-BC9A-6130865484BA}.jshost-chk|x86.ActiveCfg = chk|Win32
		{8AF67707-1D98-4054-BC9A-6130865484BA}.jshost-chk|x86.Build.0 = chk|Win32
		{8AF67707-1D98-4054-BC9A-6130865484BA}.jshost-fre|Win32.ActiveCfg = fre|Win32
		{8AF67707-1D98-4054-BC9A-6130865484BA}.jshost-fre|Win32.Build.0 = fre|Win32
		{8AF67707-1D98-4054-BC9A-6130865484BA}.jshost-fre|x64.ActiveCfg = fre|x64
		{8AF67707-1D98-4054-BC9A-6130865484BA}.jshost-fre|x64.Build.0 = fre|x64
		{8AF67707-1D98-4054-BC9A-6130865484BA}.jshost-fre|x86.ActiveCfg = fre|Win32
		{8AF67707-1D98-4054-BC9A-6130865484BA}.jshost-fre|x86.Build.0 = fre|Win32
		{37871403-9CD8-434C-8904-DBDD95B69D81}.all-chk|Win32.ActiveCfg = chk|Win32
		{37871403-9CD8-434C-8904-DBDD95B69D81}.all-chk|Win32.Build.0 = chk|Win32
		{37871403-9CD8-434C-8904-DBDD95B69D81}.all-chk|x64.ActiveCfg = chk|x64
		{37871403-9CD8-434C-8904-DBDD95B69D81}.all-chk|x64.Build.0 = chk|x64
		{37871403-9CD8-434C-8904-DBDD95B69D81}.all-chk|x86.ActiveCfg = chk|Win32
		{37871403-9CD8-434C-8904-DBDD95B69D81}.all-chk|x86.Build.0 = chk|Win32
		{37871403-9CD8-434C-8904-DBDD95B69D81}.all-fre|Win32.ActiveCfg = fre|Win32
		{37871403-9CD8-434C-8904-DBDD95B69D81}.all-fre|Win32.Build.0 = fre|Win32
		{37871403-9CD8-434C-8904-DBDD95B69D81}.all-fre|x64.ActiveCfg = fre|x64
		{37871403-9CD8-434C-8904-DBDD95B69D81}.all-fre|x64.Build.0 = fre|x64
		{37871403-9CD8-434C-8904-DBDD95B69D81}.all-fre|x86.ActiveCfg = fre|Win32
		{37871403-9CD8-434C-8904-DBDD95B69D81}.all-fre|x86.Build.0 = fre|Win32
		{37871403-9CD8-434C-8904-DBDD95B69D81}.jc-chk|Win32.ActiveCfg = chk|Win32
		{37871403-9CD8-434C-8904-DBDD95B69D81}.jc-chk|Win32.Build.0 = chk|Win32
		{37871403-9CD8-434C-8904-DBDD95B69D81}.jc-chk|x64.ActiveCfg = chk|x64
		{37871403-9CD8-434C-8904-DBDD95B69D81}.jc-chk|x86.ActiveCfg = chk|Win32
		{37871403-9CD8-434C-8904-DBDD95B69D81}.jc-fre|Win32.ActiveCfg = fre|Win32
		{37871403-9CD8-434C-8904-DBDD95B69D81}.jc-fre|Win32.Build.0 = fre|Win32
		{37871403-9CD8-434C-8904-DBDD95B69D81}.jc-fre|x64.ActiveCfg = fre|x64
		{37871403-9CD8-434C-8904-DBDD95B69D81}.jc-fre|x86.ActiveCfg = fre|Win32
		{37871403-9CD8-434C-8904-DBDD95B69D81}.jshost-chk|Win32.ActiveCfg = chk|Win32
		{37871403-9CD8-434C-8904-DBDD95B69D81}.jshost-chk|Win32.Build.0 = chk|Win32
		{37871403-9CD8-434C-8904-DBDD95B69D81}.jshost-chk|x64.ActiveCfg = chk|x64
		{37871403-9CD8-434C-8904-DBDD95B69D81}.jshost-chk|x64.Build.0 = chk|x64
		{37871403-9CD8-434C-8904-DBDD95B69D81}.jshost-chk|x86.ActiveCfg = chk|Win32
		{37871403-9CD8-434C-8904-DBDD95B69D81}.jshost-chk|x86.Build.0 = chk|Win32
		{37871403-9CD8-434C-8904-DBDD95B69D81}.jshost-fre|Win32.ActiveCfg = fre|Win32
		{37871403-9CD8-434C-8904-DBDD95B69D81}.jshost-fre|Win32.Build.0 = fre|Win32
		{37871403-9CD8-434C-8904-DBDD95B69D81}.jshost-fre|x64.ActiveCfg = fre|x64
		{37871403-9CD8-434C-8904-DBDD95B69D81}.jshost-fre|x64.Build.0 = fre|x64
		{37871403-9CD8-434C-8904-DBDD95B69D81}.jshost-fre|x86.ActiveCfg = fre|Win32
		{37871403-9CD8-434C-8904-DBDD95B69D81}.jshost-fre|x86.Build.0 = fre|Win32
		{1876E800-AD77-48C4-A2F7-E5265F24AC35}.all-chk|Win32.ActiveCfg = chk|Win32
		{1876E800-AD77-48C4-A2F7-E5265F24AC35}.all-chk|Win32.Build.0 = chk|Win32
		{1876E800-AD77-48C4-A2F7-E5265F24AC35}.all-chk|x64.ActiveCfg = chk|x64
		{1876E800-AD77-48C4-A2F7-E5265F24AC35}.all-chk|x64.Build.0 = chk|x64
		{1876E800-AD77-48C4-A2F7-E5265F24AC35}.all-chk|x86.ActiveCfg = chk|Win32
		{1876E800-AD77-48C4-A2F7-E5265F24AC35}.all-chk|x86.Build.0 = chk|Win32
		{1876E800-AD77-48C4-A2F7-E5265F24AC35}.all-fre|Win32.ActiveCfg = fre|Win32
		{1876E800-AD77-48C4-A2F7-E5265F24AC35}.all-fre|Win32.Build.0 = fre|Win32
		{1876E800-AD77-48C4-A2F7-E5265F24AC35}.all-fre|x64.ActiveCfg = fre|x64
		{1876E800-AD77-48C4-A2F7-E5265F24AC35}.all-fre|x64.Build.0 = fre|x64
		{1876E800-AD77-48C4-A2F7-E5265F24AC35}.all-fre|x86.ActiveCfg = fre|Win32
		{1876E800-AD77-48C4-A2F7-E5265F24AC35}.all-fre|x86.Build.0 = fre|Win32
		{1876E800-AD77-48C4-A2F7-E5265F24AC35}.jc-chk|Win32.ActiveCfg = chk|Win32
		{1876E800-AD77-48C4-A2F7-E5265F24AC35}.jc-chk|Win32.Build.0 = chk|Win32
		{1876E800-AD77-48C4-A2F7-E5265F24AC35}.jc-chk|x64.ActiveCfg = chk|x64
		{1876E800-AD77-48C4-A2F7-E5265F24AC35}.jc-chk|x86.ActiveCfg = chk|Win32
		{1876E800-AD77-48C4-A2F7-E5265F24AC35}.jc-fre|Win32.ActiveCfg = fre|Win32
		{1876E800-AD77-48C4-A2F7-E5265F24AC35}.jc-fre|Win32.Build.0 = fre|Win32
		{1876E800-AD77-48C4-A2F7-E5265F24AC35}.jc-fre|x64.ActiveCfg = fre|x64
		{1876E800-AD77-48C4-A2F7-E5265F24AC35}.jc-fre|x86.ActiveCfg = fre|Win32
		{1876E800-AD77-48C4-A2F7-E5265F24AC35}.jshost-chk|Win32.ActiveCfg = chk|Win32
		{1876E800-AD77-48C4-A2F7-E5265F24AC35}.jshost-chk|Win32.Build.0 = chk|Win32
		{1876E800-AD77-48C4-A2F7-E5265F24AC35}.jshost-chk|x64.ActiveCfg = chk|x64
		{1876E800-AD77-48C4-A2F7-E5265F24AC35}.jshost-chk|x64.Build.0 = chk|x64
		{1876E800-AD77-48C4-A2F7-E5265F24AC35}.jshost-chk|x86.ActiveCfg = chk|Win32
		{1876E800-AD77-48C4-A2F7-E5265F24AC35}.jshost-chk|x86.Build.0 = chk|Win32
		{1876E800-AD77-48C4-A2F7-E5265F24AC35}.jshost-fre|Win32.ActiveCfg = fre|Win32
		{1876E800-AD77-48C4-A2F7-E5265F24AC35}.jshost-fre|Win32.Build.0 = fre|Win32
		{1876E800-AD77-48C4-A2F7-E5265F24AC35}.jshost-fre|x64.ActiveCfg = fre|x64
		{1876E800-AD77-48C4-A2F7-E5265F24AC35}.jshost-fre|x64.Build.0 = fre|x64
		{1876E800-AD77-48C4-A2F7-E5265F24AC35}.jshost-fre|x86.ActiveCfg = fre|Win32
		{1876E800-AD77-48C4-A2F7-E5265F24AC35}.jshost-fre|x86.Build.0 = fre|Win32
		{1876E800-AD77-48C4-A2F7-E5265F24AC36}.all-chk|Win32.ActiveCfg = chk|Win32
		{1876E800-AD77-48C4-A2F7-E5265F24AC36}.all-chk|Win32.Build.0 = chk|Win32
		{1876E800-AD77-48C4-A2F7-E5265F24AC36}.all-chk|x64.ActiveCfg = chk|x64
		{1876E800-AD77-48C4-A2F7-E5265F24AC36}.all-chk|x64.Build.0 = chk|x64
		{1876E800-AD77-48C4-A2F7-E5265F24AC36}.all-chk|x86.ActiveCfg = chk|Win32
		{1876E800-AD77-48C4-A2F7-E5265F24AC36}.all-chk|x86.Build.0 = chk|Win32
		{1876E800-AD77-48C4-A2F7-E5265F24AC36}.all-fre|Win32.ActiveCfg = fre|Win32
		{1876E800-AD77-48C4-A2F7-E5265F24AC36}.all-fre|Win32.Build.0 = fre|Win32
		{1876E800-AD77-48C4-A2F7-E5265F24AC36}.all-fre|x64.ActiveCfg = fre|x64
		{1876E800-AD77-48C4-A2F7-E5265F24AC36}.all-fre|x64.Build.0 = fre|x64
		{1876E800-AD77-48C4-A2F7-E5265F24AC36}.all-fre|x86.ActiveCfg = fre|Win32
		{1876E800-AD77-48C4-A2F7-E5265F24AC36}.all-fre|x86.Build.0 = fre|Win32
		{1876E800-AD77-48C4-A2F7-E5265F24AC36}.jc-chk|Win32.ActiveCfg = chk|Win32
		{1876E800-AD77-48C4-A2F7-E5265F24AC36}.jc-chk|Win32.Build.0 = chk|Win32
		{1876E800-AD77-48C4-A2F7-E5265F24AC36}.jc-chk|x64.ActiveCfg = chk|x64
		{1876E800-AD77-48C4-A2F7-E5265F24AC36}.jc-chk|x86.ActiveCfg = chk|Win32
		{1876E800-AD77-48C4-A2F7-E5265F24AC36}.jc-fre|Win32.ActiveCfg = fre|Win32
		{1876E800-AD77-48C4-A2F7-E5265F24AC36}.jc-fre|Win32.Build.0 = fre|Win32
		{1876E800-AD77-48C4-A2F7-E5265F24AC36}.jc-fre|x64.ActiveCfg = fre|x64
		{1876E800-AD77-48C4-A2F7-E5265F24AC36}.jc-fre|x86.ActiveCfg = fre|Win32
		{1876E800-AD77-48C4-A2F7-E5265F24AC36}.jshost-chk|Win32.ActiveCfg = chk|Win32
		{1876E800-AD77-48C4-A2F7-E5265F24AC36}.jshost-chk|Win32.Build.0 = chk|Win32
		{1876E800-AD77-48C4-A2F7-E5265F24AC36}.jshost-chk|x64.ActiveCfg = chk|x64
		{1876E800-AD77-48C4-A2F7-E5265F24AC36}.jshost-chk|x64.Build.0 = chk|x64
		{1876E800-AD77-48C4-A2F7-E5265F24AC36}.jshost-chk|x86.ActiveCfg = chk|Win32
		{1876E800-AD77-48C4-A2F7-E5265F24AC36}.jshost-chk|x86.Build.0 = chk|Win32
		{1876E800-AD77-48C4-A2F7-E5265F24AC36}.jshost-fre|Win32.ActiveCfg = fre|Win32
		{1876E800-AD77-48C4-A2F7-E5265F24AC36}.jshost-fre|Win32.Build.0 = fre|Win32
		{1876E800-AD77-48C4-A2F7-E5265F24AC36}.jshost-fre|x64.ActiveCfg = fre|x64
		{1876E800-AD77-48C4-A2F7-E5265F24AC36}.jshost-fre|x64.Build.0 = fre|x64
		{1876E800-AD77-48C4-A2F7-E5265F24AC36}.jshost-fre|x86.ActiveCfg = fre|Win32
		{1876E800-AD77-48C4-A2F7-E5265F24AC36}.jshost-fre|x86.Build.0 = fre|Win32
		{1876E800-AD77-48C4-A2F7-E5265F24AC37}.all-chk|Win32.ActiveCfg = chk|Win32
		{1876E800-AD77-48C4-A2F7-E5265F24AC37}.all-chk|Win32.Build.0 = chk|Win32
		{1876E800-AD77-48C4-A2F7-E5265F24AC37}.all-chk|x64.ActiveCfg = chk|x64
		{1876E800-AD77-48C4-A2F7-E5265F24AC37}.all-chk|x64.Build.0 = chk|x64
		{1876E800-AD77-48C4-A2F7-E5265F24AC37}.all-chk|x86.ActiveCfg = chk|Win32
		{1876E800-AD77-48C4-A2F7-E5265F24AC37}.all-chk|x86.Build.0 = chk|Win32
		{1876E800-AD77-48C4-A2F7-E5265F24AC37}.all-fre|Win32.ActiveCfg = fre|Win32
		{1876E800-AD77-48C4-A2F7-E5265F24AC37}.all-fre|Win32.Build.0 = fre|Win32
		{1876E800-AD77-48C4-A2F7-E5265F24AC37}.all-fre|x64.ActiveCfg = fre|x64
		{1876E800-AD77-48C4-A2F7-E5265F24AC37}.all-fre|x64.Build.0 = fre|x64
		{1876E800-AD77-48C4-A2F7-E5265F24AC37}.all-fre|x86.ActiveCfg = fre|Win32
		{1876E800-AD77-48C4-A2F7-E5265F24AC37}.all-fre|x86.Build.0 = fre|Win32
		{1876E800-AD77-48C4-A2F7-E5265F24AC37}.jc-chk|Win32.ActiveCfg = chk|Win32
		{1876E800-AD77-48C4-A2F7-E5265F24AC37}.jc-chk|Win32.Build.0 = chk|Win32
		{1876E800-AD77-48C4-A2F7-E5265F24AC37}.jc-chk|x64.ActiveCfg = chk|x64
		{1876E800-AD77-48C4-A2F7-E5265F24AC37}.jc-chk|x86.ActiveCfg = chk|Win32
		{1876E800-AD77-48C4-A2F7-E5265F24AC37}.jc-fre|Win32.ActiveCfg = fre|Win32
		{1876E800-AD77-48C4-A2F7-E5265F24AC37}.jc-fre|Win32.Build.0 = fre|Win32
		{1876E800-AD77-48C4-A2F7-E5265F24AC37}.jc-fre|x64.ActiveCfg = fre|x64
		{1876E800-AD77-48C4-A2F7-E5265F24AC37}.jc-fre|x86.ActiveCfg = fre|Win32
		{1876E800-AD77-48C4-A2F7-E5265F24AC37}.jshost-chk|Win32.ActiveCfg = chk|Win32
		{1876E800-AD77-48C4-A2F7-E5265F24AC37}.jshost-chk|Win32.Build.0 = chk|Win32
		{1876E800-AD77-48C4-A2F7-E5265F24AC37}.jshost-chk|x64.ActiveCfg = chk|x64
		{1876E800-AD77-48C4-A2F7-E5265F24AC37}.jshost-chk|x64.Build.0 = chk|x64
		{1876E800-AD77-48C4-A2F7-E5265F24AC37}.jshost-chk|x86.ActiveCfg = chk|Win32
		{1876E800-AD77-48C4-A2F7-E5265F24AC37}.jshost-chk|x86.Build.0 = chk|Win32
		{1876E800-AD77-48C4-A2F7-E5265F24AC37}.jshost-fre|Win32.ActiveCfg = fre|Win32
		{1876E800-AD77-48C4-A2F7-E5265F24AC37}.jshost-fre|Win32.Build.0 = fre|Win32
		{1876E800-AD77-48C4-A2F7-E5265F24AC37}.jshost-fre|x64.ActiveCfg = fre|x64
		{1876E800-AD77-48C4-A2F7-E5265F24AC37}.jshost-fre|x64.Build.0 = fre|x64
		{1876E800-AD77-48C4-A2F7-E5265F24AC37}.jshost-fre|x86.ActiveCfg = fre|Win32
		{1876E800-AD77-48C4-A2F7-E5265F24AC37}.jshost-fre|x86.Build.0 = fre|Win32
		{1876E800-AD77-48C4-A2F7-E5265F24AC38}.all-chk|Win32.ActiveCfg = chk|Win32
		{1876E800-AD77-48C4-A2F7-E5265F24AC38}.all-chk|Win32.Build.0 = chk|Win32
		{1876E800-AD77-48C4-A2F7-E5265F24AC38}.all-chk|x64.ActiveCfg = chk|x64
		{1876E800-AD77-48C4-A2F7-E5265F24AC38}.all-chk|x64.Build.0 = chk|x64
		{1876E800-AD77-48C4-A2F7-E5265F24AC38}.all-chk|x86.ActiveCfg = chk|Win32
		{1876E800-AD77-48C4-A2F7-E5265F24AC38}.all-chk|x86.Build.0 = chk|Win32
		{1876E800-AD77-48C4-A2F7-E5265F24AC38}.all-fre|Win32.ActiveCfg = fre|Win32
		{1876E800-AD77-48C4-A2F7-E5265F24AC38}.all-fre|Win32.Build.0 = fre|Win32
		{1876E800-AD77-48C4-A2F7-E5265F24AC38}.all-fre|x64.ActiveCfg = fre|x64
		{1876E800-AD77-48C4-A2F7-E5265F24AC38}.all-fre|x64.Build.0 = fre|x64
		{1876E800-AD77-48C4-A2F7-E5265F24AC38}.all-fre|x86.ActiveCfg = fre|Win32
		{1876E800-AD77-48C4-A2F7-E5265F24AC38}.all-fre|x86.Build.0 = fre|Win32
		{1876E800-AD77-48C4-A2F7-E5265F24AC38}.jc-chk|Win32.ActiveCfg = chk|Win32
		{1876E800-AD77-48C4-A2F7-E5265F24AC38}.jc-chk|Win32.Build.0 = chk|Win32
		{1876E800-AD77-48C4-A2F7-E5265F24AC38}.jc-chk|x64.ActiveCfg = chk|x64
		{1876E800-AD77-48C4-A2F7-E5265F24AC38}.jc-chk|x64.Build.0 = chk|x64
		{1876E800-AD77-48C4-A2F7-E5265F24AC38}.jc-chk|x86.ActiveCfg = chk|Win32
		{1876E800-AD77-48C4-A2F7-E5265F24AC38}.jc-chk|x86.Build.0 = chk|Win32
		{1876E800-AD77-48C4-A2F7-E5265F24AC38}.jc-fre|Win32.ActiveCfg = fre|Win32
		{1876E800-AD77-48C4-A2F7-E5265F24AC38}.jc-fre|Win32.Build.0 = fre|Win32
		{1876E800-AD77-48C4-A2F7-E5265F24AC38}.jc-fre|x64.ActiveCfg = fre|x64
		{1876E800-AD77-48C4-A2F7-E5265F24AC38}.jc-fre|x64.Build.0 = fre|x64
		{1876E800-AD77-48C4-A2F7-E5265F24AC38}.jc-fre|x86.ActiveCfg = fre|Win32
		{1876E800-AD77-48C4-A2F7-E5265F24AC38}.jc-fre|x86.Build.0 = fre|Win32
		{1876E800-AD77-48C4-A2F7-E5265F24AC38}.jshost-chk|Win32.ActiveCfg = chk|Win32
		{1876E800-AD77-48C4-A2F7-E5265F24AC38}.jshost-chk|Win32.Build.0 = chk|Win32
		{1876E800-AD77-48C4-A2F7-E5265F24AC38}.jshost-chk|x64.ActiveCfg = chk|x64
		{1876E800-AD77-48C4-A2F7-E5265F24AC38}.jshost-chk|x64.Build.0 = chk|x64
		{1876E800-AD77-48C4-A2F7-E5265F24AC38}.jshost-chk|x86.ActiveCfg = chk|Win32
		{1876E800-AD77-48C4-A2F7-E5265F24AC38}.jshost-chk|x86.Build.0 = chk|Win32
		{1876E800-AD77-48C4-A2F7-E5265F24AC38}.jshost-fre|Win32.ActiveCfg = fre|Win32
		{1876E800-AD77-48C4-A2F7-E5265F24AC38}.jshost-fre|Win32.Build.0 = fre|Win32
		{1876E800-AD77-48C4-A2F7-E5265F24AC38}.jshost-fre|x64.ActiveCfg = fre|x64
		{1876E800-AD77-48C4-A2F7-E5265F24AC38}.jshost-fre|x64.Build.0 = fre|x64
		{1876E800-AD77-48C4-A2F7-E5265F24AC38}.jshost-fre|x86.ActiveCfg = fre|Win32
		{1876E800-AD77-48C4-A2F7-E5265F24AC38}.jshost-fre|x86.Build.0 = fre|Win32
		{E152E191-0245-45BF-BDAA-070ABFE72E80}.all-chk|Win32.ActiveCfg = chk|Win32
		{E152E191-0245-45BF-BDAA-070ABFE72E80}.all-chk|Win32.Build.0 = chk|Win32
		{E152E191-0245-45BF-BDAA-070ABFE72E80}.all-chk|x64.ActiveCfg = chk|x64
		{E152E191-0245-45BF-BDAA-070ABFE72E80}.all-chk|x64.Build.0 = chk|x64
		{E152E191-0245-45BF-BDAA-070ABFE72E80}.all-chk|x86.ActiveCfg = chk|Win32
		{E152E191-0245-45BF-BDAA-070ABFE72E80}.all-chk|x86.Build.0 = chk|Win32
		{E152E191-0245-45BF-BDAA-070ABFE72E80}.all-fre|Win32.ActiveCfg = fre|Win32
		{E152E191-0245-45BF-BDAA-070ABFE72E80}.all-fre|Win32.Build.0 = fre|Win32
		{E152E191-0245-45BF-BDAA-070ABFE72E80}.all-fre|x64.ActiveCfg = fre|x64
		{E152E191-0245-45BF-BDAA-070ABFE72E80}.all-fre|x64.Build.0 = fre|x64
		{E152E191-0245-45BF-BDAA-070ABFE72E80}.all-fre|x86.ActiveCfg = fre|Win32
		{E152E191-0245-45BF-BDAA-070ABFE72E80}.all-fre|x86.Build.0 = fre|Win32
		{E152E191-0245-45BF-BDAA-070ABFE72E80}.jc-chk|Win32.ActiveCfg = chk|Win32
		{E152E191-0245-45BF-BDAA-070ABFE72E80}.jc-chk|Win32.Build.0 = chk|Win32
		{E152E191-0245-45BF-BDAA-070ABFE72E80}.jc-chk|x64.ActiveCfg = chk|x64
		{E152E191-0245-45BF-BDAA-070ABFE72E80}.jc-chk|x86.ActiveCfg = chk|Win32
		{E152E191-0245-45BF-BDAA-070ABFE72E80}.jc-fre|Win32.ActiveCfg = fre|Win32
		{E152E191-0245-45BF-BDAA-070ABFE72E80}.jc-fre|Win32.Build.0 = fre|Win32
		{E152E191-0245-45BF-BDAA-070ABFE72E80}.jc-fre|x64.ActiveCfg = fre|x64
		{E152E191-0245-45BF-BDAA-070ABFE72E80}.jc-fre|x86.ActiveCfg = fre|Win32
		{E152E191-0245-45BF-BDAA-070ABFE72E80}.jshost-chk|Win32.ActiveCfg = chk|Win32
		{E152E191-0245-45BF-BDAA-070ABFE72E80}.jshost-chk|Win32.Build.0 = chk|Win32
		{E152E191-0245-45BF-BDAA-070ABFE72E80}.jshost-chk|x64.ActiveCfg = chk|x64
		{E152E191-0245-45BF-BDAA-070ABFE72E80}.jshost-chk|x86.ActiveCfg = chk|Win32
		{E152E191-0245-45BF-BDAA-070ABFE72E80}.jshost-fre|Win32.ActiveCfg = fre|Win32
		{E152E191-0245-45BF-BDAA-070ABFE72E80}.jshost-fre|Win32.Build.0 = fre|Win32
		{E152E191-0245-45BF-BDAA-070ABFE72E80}.jshost-fre|x64.ActiveCfg = fre|x64
		{E152E191-0245-45BF-BDAA-070ABFE72E80}.jshost-fre|x86.ActiveCfg = fre|Win32
		{F2E998AA-FB27-4F65-A6F7-4142BE64294F}.all-chk|Win32.ActiveCfg = chk|Win32
		{F2E998AA-FB27-4F65-A6F7-4142BE64294F}.all-chk|Win32.Build.0 = chk|Win32
		{F2E998AA-FB27-4F65-A6F7-4142BE64294F}.all-chk|x64.ActiveCfg = chk|x64
		{F2E998AA-FB27-4F65-A6F7-4142BE64294F}.all-chk|x64.Build.0 = chk|x64
		{F2E998AA-FB27-4F65-A6F7-4142BE64294F}.all-chk|x86.ActiveCfg = chk|Win32
		{F2E998AA-FB27-4F65-A6F7-4142BE64294F}.all-chk|x86.Build.0 = chk|Win32
		{F2E998AA-FB27-4F65-A6F7-4142BE64294F}.all-fre|Win32.ActiveCfg = fre|Win32
		{F2E998AA-FB27-4F65-A6F7-4142BE64294F}.all-fre|Win32.Build.0 = fre|Win32
		{F2E998AA-FB27-4F65-A6F7-4142BE64294F}.all-fre|x64.ActiveCfg = fre|x64
		{F2E998AA-FB27-4F65-A6F7-4142BE64294F}.all-fre|x64.Build.0 = fre|x64
		{F2E998AA-FB27-4F65-A6F7-4142BE64294F}.all-fre|x86.ActiveCfg = fre|Win32
		{F2E998AA-FB27-4F65-A6F7-4142BE64294F}.all-fre|x86.Build.0 = fre|Win32
		{F2E998AA-FB27-4F65-A6F7-4142BE64294F}.jc-chk|Win32.ActiveCfg = chk|Win32
		{F2E998AA-FB27-4F65-A6F7-4142BE64294F}.jc-chk|Win32.Build.0 = chk|Win32
		{F2E998AA-FB27-4F65-A6F7-4142BE64294F}.jc-chk|x64.ActiveCfg = chk|x64
		{F2E998AA-FB27-4F65-A6F7-4142BE64294F}.jc-chk|x64.Build.0 = chk|x64
		{F2E998AA-FB27-4F65-A6F7-4142BE64294F}.jc-chk|x86.ActiveCfg = chk|Win32
		{F2E998AA-FB27-4F65-A6F7-4142BE64294F}.jc-chk|x86.Build.0 = chk|Win32
		{F2E998AA-FB27-4F65-A6F7-4142BE64294F}.jc-fre|Win32.ActiveCfg = fre|Win32
		{F2E998AA-FB27-4F65-A6F7-4142BE64294F}.jc-fre|Win32.Build.0 = fre|Win32
		{F2E998AA-FB27-4F65-A6F7-4142BE64294F}.jc-fre|x64.ActiveCfg = fre|x64
		{F2E998AA-FB27-4F65-A6F7-4142BE64294F}.jc-fre|x64.Build.0 = fre|x64
		{F2E998AA-FB27-4F65-A6F7-4142BE64294F}.jc-fre|x86.ActiveCfg = fre|Win32
		{F2E998AA-FB27-4F65-A6F7-4142BE64294F}.jc-fre|x86.Build.0 = fre|Win32
		{F2E998AA-FB27-4F65-A6F7-4142BE64294F}.jshost-chk|Win32.ActiveCfg = chk|Win32
		{F2E998AA-FB27-4F65-A6F7-4142BE64294F}.jshost-chk|Win32.Build.0 = chk|Win32
		{F2E998AA-FB27-4F65-A6F7-4142BE64294F}.jshost-chk|x64.ActiveCfg = chk|x64
		{F2E998AA-FB27-4F65-A6F7-4142BE64294F}.jshost-chk|x64.Build.0 = chk|x64
		{F2E998AA-FB27-4F65-A6F7-4142BE64294F}.jshost-chk|x86.ActiveCfg = chk|Win32
		{F2E998AA-FB27-4F65-A6F7-4142BE64294F}.jshost-chk|x86.Build.0 = chk|Win32
		{F2E998AA-FB27-4F65-A6F7-4142BE64294F}.jshost-fre|Win32.ActiveCfg = fre|Win32
		{F2E998AA-FB27-4F65-A6F7-4142BE64294F}.jshost-fre|Win32.Build.0 = fre|Win32
		{F2E998AA-FB27-4F65-A6F7-4142BE64294F}.jshost-fre|x64.ActiveCfg = fre|x64
		{F2E998AA-FB27-4F65-A6F7-4142BE64294F}.jshost-fre|x64.Build.0 = fre|x64
		{F2E998AA-FB27-4F65-A6F7-4142BE64294F}.jshost-fre|x86.ActiveCfg = fre|Win32
		{F2E998AA-FB27-4F65-A6F7-4142BE64294F}.jshost-fre|x86.Build.0 = fre|Win32
		{DB944726-DFAF-4A70-A710-9B09F002743B}.all-chk|Win32.ActiveCfg = chk|Win32
		{DB944726-DFAF-4A70-A710-9B09F002743B}.all-chk|Win32.Build.0 = chk|Win32
		{DB944726-DFAF-4A70-A710-9B09F002743B}.all-chk|x64.ActiveCfg = chk|Win32
		{DB944726-DFAF-4A70-A710-9B09F002743B}.all-chk|x86.ActiveCfg = chk|Win32
		{DB944726-DFAF-4A70-A710-9B09F002743B}.all-fre|Win32.ActiveCfg = fre|Win32
		{DB944726-DFAF-4A70-A710-9B09F002743B}.all-fre|Win32.Build.0 = fre|Win32
		{DB944726-DFAF-4A70-A710-9B09F002743B}.all-fre|x64.ActiveCfg = fre|Win32
		{DB944726-DFAF-4A70-A710-9B09F002743B}.all-fre|x86.ActiveCfg = fre|Win32
		{DB944726-DFAF-4A70-A710-9B09F002743B}.jc-chk|Win32.ActiveCfg = chk|Win32
		{DB944726-DFAF-4A70-A710-9B09F002743B}.jc-chk|Win32.Build.0 = chk|Win32
		{DB944726-DFAF-4A70-A710-9B09F002743B}.jc-chk|x64.ActiveCfg = chk|Win32
		{DB944726-DFAF-4A70-A710-9B09F002743B}.jc-chk|x86.ActiveCfg = chk|Win32
		{DB944726-DFAF-4A70-A710-9B09F002743B}.jc-fre|Win32.ActiveCfg = fre|Win32
		{DB944726-DFAF-4A70-A710-9B09F002743B}.jc-fre|Win32.Build.0 = fre|Win32
		{DB944726-DFAF-4A70-A710-9B09F002743B}.jc-fre|x64.ActiveCfg = fre|Win32
		{DB944726-DFAF-4A70-A710-9B09F002743B}.jc-fre|x86.ActiveCfg = fre|Win32
		{DB944726-DFAF-4A70-A710-9B09F002743B}.jshost-chk|Win32.ActiveCfg = chk|Win32
		{DB944726-DFAF-4A70-A710-9B09F002743B}.jshost-chk|Win32.Build.0 = chk|Win32
		{DB944726-DFAF-4A70-A710-9B09F002743B}.jshost-chk|x64.ActiveCfg = chk|Win32
		{DB944726-DFAF-4A70-A710-9B09F002743B}.jshost-chk|x86.ActiveCfg = chk|Win32
		{DB944726-DFAF-4A70-A710-9B09F002743B}.jshost-fre|Win32.ActiveCfg = fre|Win32
		{DB944726-DFAF-4A70-A710-9B09F002743B}.jshost-fre|Win32.Build.0 = fre|Win32
		{DB944726-DFAF-4A70-A710-9B09F002743B}.jshost-fre|x64.ActiveCfg = fre|Win32
		{DB944726-DFAF-4A70-A710-9B09F002743B}.jshost-fre|x86.ActiveCfg = fre|Win32
		{8FF4141D-195E-4511-8600-5B9851C0F9E3}.all-chk|Win32.ActiveCfg = chk|Win32
		{8FF4141D-195E-4511-8600-5B9851C0F9E3}.all-chk|Win32.Build.0 = chk|Win32
		{8FF4141D-195E-4511-8600-5B9851C0F9E3}.all-chk|x64.ActiveCfg = chk|x64
		{8FF4141D-195E-4511-8600-5B9851C0F9E3}.all-chk|x64.Build.0 = chk|x64
		{8FF4141D-195E-4511-8600-5B9851C0F9E3}.all-chk|x86.ActiveCfg = chk|Win32
		{8FF4141D-195E-4511-8600-5B9851C0F9E3}.all-fre|Win32.ActiveCfg = fre|Win32
		{8FF4141D-195E-4511-8600-5B9851C0F9E3}.all-fre|Win32.Build.0 = fre|Win32
		{8FF4141D-195E-4511-8600-5B9851C0F9E3}.all-fre|x64.ActiveCfg = fre|x64
		{8FF4141D-195E-4511-8600-5B9851C0F9E3}.all-fre|x64.Build.0 = fre|x64
		{8FF4141D-195E-4511-8600-5B9851C0F9E3}.all-fre|x86.ActiveCfg = fre|Win32
		{8FF4141D-195E-4511-8600-5B9851C0F9E3}.jc-chk|Win32.ActiveCfg = chk|Win32
		{8FF4141D-195E-4511-8600-5B9851C0F9E3}.jc-chk|Win32.Build.0 = chk|Win32
		{8FF4141D-195E-4511-8600-5B9851C0F9E3}.jc-chk|x64.ActiveCfg = chk|x64
		{8FF4141D-195E-4511-8600-5B9851C0F9E3}.jc-chk|x86.ActiveCfg = chk|Win32
		{8FF4141D-195E-4511-8600-5B9851C0F9E3}.jc-fre|Win32.ActiveCfg = fre|Win32
		{8FF4141D-195E-4511-8600-5B9851C0F9E3}.jc-fre|Win32.Build.0 = fre|Win32
		{8FF4141D-195E-4511-8600-5B9851C0F9E3}.jc-fre|x64.ActiveCfg = fre|x64
		{8FF4141D-195E-4511-8600-5B9851C0F9E3}.jc-fre|x86.ActiveCfg = fre|Win32
		{8FF4141D-195E-4511-8600-5B9851C0F9E3}.jshost-chk|Win32.ActiveCfg = chk|Win32
		{8FF4141D-195E-4511-8600-5B9851C0F9E3}.jshost-chk|Win32.Build.0 = chk|Win32
		{8FF4141D-195E-4511-8600-5B9851C0F9E3}.jshost-chk|x64.ActiveCfg = chk|x64
		{8FF4141D-195E-4511-8600-5B9851C0F9E3}.jshost-chk|x86.ActiveCfg = chk|Win32
		{8FF4141D-195E-4511-8600-5B9851C0F9E3}.jshost-fre|Win32.ActiveCfg = fre|Win32
		{8FF4141D-195E-4511-8600-5B9851C0F9E3}.jshost-fre|Win32.Build.0 = fre|Win32
		{8FF4141D-195E-4511-8600-5B9851C0F9E3}.jshost-fre|x64.ActiveCfg = fre|x64
		{8FF4141D-195E-4511-8600-5B9851C0F9E3}.jshost-fre|x86.ActiveCfg = fre|Win32
		{A5F53E69-E02C-4BB6-BB94-C96F12EBCA2E}.all-chk|Win32.ActiveCfg = chk|Win32
		{A5F53E69-E02C-4BB6-BB94-C96F12EBCA2E}.all-chk|Win32.Build.0 = chk|Win32
		{A5F53E69-E02C-4BB6-BB94-C96F12EBCA2E}.all-chk|x64.ActiveCfg = chk|x64
		{A5F53E69-E02C-4BB6-BB94-C96F12EBCA2E}.all-chk|x86.ActiveCfg = chk|Win32
		{A5F53E69-E02C-4BB6-BB94-C96F12EBCA2E}.all-fre|Win32.ActiveCfg = fre|Win32
		{A5F53E69-E02C-4BB6-BB94-C96F12EBCA2E}.all-fre|Win32.Build.0 = fre|Win32
		{A5F53E69-E02C-4BB6-BB94-C96F12EBCA2E}.all-fre|x64.ActiveCfg = fre|x64
		{A5F53E69-E02C-4BB6-BB94-C96F12EBCA2E}.all-fre|x86.ActiveCfg = fre|Win32
		{A5F53E69-E02C-4BB6-BB94-C96F12EBCA2E}.jc-chk|Win32.ActiveCfg = chk|Win32
		{A5F53E69-E02C-4BB6-BB94-C96F12EBCA2E}.jc-chk|Win32.Build.0 = chk|Win32
		{A5F53E69-E02C-4BB6-BB94-C96F12EBCA2E}.jc-chk|x64.ActiveCfg = chk|x64
		{A5F53E69-E02C-4BB6-BB94-C96F12EBCA2E}.jc-chk|x86.ActiveCfg = chk|Win32
		{A5F53E69-E02C-4BB6-BB94-C96F12EBCA2E}.jc-fre|Win32.ActiveCfg = fre|Win32
		{A5F53E69-E02C-4BB6-BB94-C96F12EBCA2E}.jc-fre|Win32.Build.0 = fre|Win32
		{A5F53E69-E02C-4BB6-BB94-C96F12EBCA2E}.jc-fre|x64.ActiveCfg = fre|x64
		{A5F53E69-E02C-4BB6-BB94-C96F12EBCA2E}.jc-fre|x86.ActiveCfg = fre|Win32
		{A5F53E69-E02C-4BB6-BB94-C96F12EBCA2E}.jshost-chk|Win32.ActiveCfg = chk|Win32
		{A5F53E69-E02C-4BB6-BB94-C96F12EBCA2E}.jshost-chk|Win32.Build.0 = chk|Win32
		{A5F53E69-E02C-4BB6-BB94-C96F12EBCA2E}.jshost-chk|x64.ActiveCfg = chk|x64
		{A5F53E69-E02C-4BB6-BB94-C96F12EBCA2E}.jshost-chk|x86.ActiveCfg = chk|Win32
		{A5F53E69-E02C-4BB6-BB94-C96F12EBCA2E}.jshost-fre|Win32.ActiveCfg = fre|Win32
		{A5F53E69-E02C-4BB6-BB94-C96F12EBCA2E}.jshost-fre|Win32.Build.0 = fre|Win32
		{A5F53E69-E02C-4BB6-BB94-C96F12EBCA2E}.jshost-fre|x64.ActiveCfg = fre|x64
		{A5F53E69-E02C-4BB6-BB94-C96F12EBCA2E}.jshost-fre|x86.ActiveCfg = fre|Win32
		{C4BDD61B-6B95-413B-9337-E09C82BCF6A9}.all-chk|Win32.ActiveCfg = chk|Win32
		{C4BDD61B-6B95-413B-9337-E09C82BCF6A9}.all-chk|Win32.Build.0 = chk|Win32
		{C4BDD61B-6B95-413B-9337-E09C82BCF6A9}.all-chk|x64.ActiveCfg = chk|x64
		{C4BDD61B-6B95-413B-9337-E09C82BCF6A9}.all-chk|x64.Build.0 = chk|x64
		{C4BDD61B-6B95-413B-9337-E09C82BCF6A9}.all-chk|x86.ActiveCfg = chk|Win32
		{C4BDD61B-6B95-413B-9337-E09C82BCF6A9}.all-chk|x86.Build.0 = chk|Win32
		{C4BDD61B-6B95-413B-9337-E09C82BCF6A9}.all-fre|Win32.ActiveCfg = fre|Win32
		{C4BDD61B-6B95-413B-9337-E09C82BCF6A9}.all-fre|Win32.Build.0 = fre|Win32
		{C4BDD61B-6B95-413B-9337-E09C82BCF6A9}.all-fre|x64.ActiveCfg = fre|x64
		{C4BDD61B-6B95-413B-9337-E09C82BCF6A9}.all-fre|x64.Build.0 = fre|x64
		{C4BDD61B-6B95-413B-9337-E09C82BCF6A9}.all-fre|x86.ActiveCfg = fre|Win32
		{C4BDD61B-6B95-413B-9337-E09C82BCF6A9}.all-fre|x86.Build.0 = fre|Win32
		{C4BDD61B-6B95-413B-9337-E09C82BCF6A9}.jc-chk|Win32.ActiveCfg = chk|Win32
		{C4BDD61B-6B95-413B-9337-E09C82BCF6A9}.jc-chk|Win32.Build.0 = chk|Win32
		{C4BDD61B-6B95-413B-9337-E09C82BCF6A9}.jc-chk|x64.ActiveCfg = chk|x64
		{C4BDD61B-6B95-413B-9337-E09C82BCF6A9}.jc-chk|x86.ActiveCfg = chk|Win32
		{C4BDD61B-6B95-413B-9337-E09C82BCF6A9}.jc-fre|Win32.ActiveCfg = fre|Win32
		{C4BDD61B-6B95-413B-9337-E09C82BCF6A9}.jc-fre|Win32.Build.0 = fre|Win32
		{C4BDD61B-6B95-413B-9337-E09C82BCF6A9}.jc-fre|x64.ActiveCfg = fre|x64
		{C4BDD61B-6B95-413B-9337-E09C82BCF6A9}.jc-fre|x86.ActiveCfg = fre|Win32
		{C4BDD61B-6B95-413B-9337-E09C82BCF6A9}.jshost-chk|Win32.ActiveCfg = chk|Win32
		{C4BDD61B-6B95-413B-9337-E09C82BCF6A9}.jshost-chk|Win32.Build.0 = chk|Win32
		{C4BDD61B-6B95-413B-9337-E09C82BCF6A9}.jshost-chk|x64.ActiveCfg = chk|x64
		{C4BDD61B-6B95-413B-9337-E09C82BCF6A9}.jshost-chk|x64.Build.0 = chk|x64
		{C4BDD61B-6B95-413B-9337-E09C82BCF6A9}.jshost-chk|x86.ActiveCfg = chk|Win32
		{C4BDD61B-6B95-413B-9337-E09C82BCF6A9}.jshost-chk|x86.Build.0 = chk|Win32
		{C4BDD61B-6B95-413B-9337-E09C82BCF6A9}.jshost-fre|Win32.ActiveCfg = fre|Win32
		{C4BDD61B-6B95-413B-9337-E09C82BCF6A9}.jshost-fre|Win32.Build.0 = fre|Win32
		{C4BDD61B-6B95-413B-9337-E09C82BCF6A9}.jshost-fre|x64.ActiveCfg = fre|x64
		{C4BDD61B-6B95-413B-9337-E09C82BCF6A9}.jshost-fre|x64.Build.0 = fre|x64
		{C4BDD61B-6B95-413B-9337-E09C82BCF6A9}.jshost-fre|x86.ActiveCfg = fre|Win32
		{C4BDD61B-6B95-413B-9337-E09C82BCF6A9}.jshost-fre|x86.Build.0 = fre|Win32
		{BCC5C029-2F2C-4EAA-8E60-664D72766936}.all-chk|Win32.ActiveCfg = chk|Win32
		{BCC5C029-2F2C-4EAA-8E60-664D72766936}.all-chk|Win32.Build.0 = chk|Win32
		{BCC5C029-2F2C-4EAA-8E60-664D72766936}.all-chk|x64.ActiveCfg = chk|x64
		{BCC5C029-2F2C-4EAA-8E60-664D72766936}.all-chk|x64.Build.0 = chk|x64
		{BCC5C029-2F2C-4EAA-8E60-664D72766936}.all-chk|x86.ActiveCfg = chk|Win32
		{BCC5C029-2F2C-4EAA-8E60-664D72766936}.all-chk|x86.Build.0 = chk|Win32
		{BCC5C029-2F2C-4EAA-8E60-664D72766936}.all-fre|Win32.ActiveCfg = fre|Win32
		{BCC5C029-2F2C-4EAA-8E60-664D72766936}.all-fre|Win32.Build.0 = fre|Win32
		{BCC5C029-2F2C-4EAA-8E60-664D72766936}.all-fre|x64.ActiveCfg = fre|x64
		{BCC5C029-2F2C-4EAA-8E60-664D72766936}.all-fre|x64.Build.0 = fre|x64
		{BCC5C029-2F2C-4EAA-8E60-664D72766936}.all-fre|x86.ActiveCfg = fre|Win32
		{BCC5C029-2F2C-4EAA-8E60-664D72766936}.all-fre|x86.Build.0 = fre|Win32
		{BCC5C029-2F2C-4EAA-8E60-664D72766936}.jc-chk|Win32.ActiveCfg = chk|Win32
		{BCC5C029-2F2C-4EAA-8E60-664D72766936}.jc-chk|Win32.Build.0 = chk|Win32
		{BCC5C029-2F2C-4EAA-8E60-664D72766936}.jc-chk|x64.ActiveCfg = chk|x64
		{BCC5C029-2F2C-4EAA-8E60-664D72766936}.jc-chk|x64.Build.0 = chk|x64
		{BCC5C029-2F2C-4EAA-8E60-664D72766936}.jc-chk|x86.ActiveCfg = chk|Win32
		{BCC5C029-2F2C-4EAA-8E60-664D72766936}.jc-chk|x86.Build.0 = chk|Win32
		{BCC5C029-2F2C-4EAA-8E60-664D72766936}.jc-fre|Win32.ActiveCfg = fre|Win32
		{BCC5C029-2F2C-4EAA-8E60-664D72766936}.jc-fre|Win32.Build.0 = fre|Win32
		{BCC5C029-2F2C-4EAA-8E60-664D72766936}.jc-fre|x64.ActiveCfg = fre|x64
		{BCC5C029-2F2C-4EAA-8E60-664D72766936}.jc-fre|x86.ActiveCfg = fre|Win32
		{BCC5C029-2F2C-4EAA-8E60-664D72766936}.jc-fre|x86.Build.0 = fre|Win32
		{BCC5C029-2F2C-4EAA-8E60-664D72766936}.jshost-chk|Win32.ActiveCfg = chk|Win32
		{BCC5C029-2F2C-4EAA-8E60-664D72766936}.jshost-chk|Win32.Build.0 = chk|Win32
		{BCC5C029-2F2C-4EAA-8E60-664D72766936}.jshost-chk|x64.ActiveCfg = chk|x64
		{BCC5C029-2F2C-4EAA-8E60-664D72766936}.jshost-chk|x64.Build.0 = chk|x64
		{BCC5C029-2F2C-4EAA-8E60-664D72766936}.jshost-chk|x86.ActiveCfg = chk|Win32
		{BCC5C029-2F2C-4EAA-8E60-664D72766936}.jshost-chk|x86.Build.0 = chk|Win32
		{BCC5C029-2F2C-4EAA-8E60-664D72766936}.jshost-fre|Win32.ActiveCfg = fre|Win32
		{BCC5C029-2F2C-4EAA-8E60-664D72766936}.jshost-fre|Win32.Build.0 = fre|Win32
		{BCC5C029-2F2C-4EAA-8E60-664D72766936}.jshost-fre|x64.ActiveCfg = fre|x64
		{BCC5C029-2F2C-4EAA-8E60-664D72766936}.jshost-fre|x64.Build.0 = fre|x64
		{BCC5C029-2F2C-4EAA-8E60-664D72766936}.jshost-fre|x86.ActiveCfg = fre|Win32
		{BCC5C029-2F2C-4EAA-8E60-664D72766936}.jshost-fre|x86.Build.0 = fre|Win32
		{14BBB4B1-DA6A-4C69-BF07-F8D4865E0814}.all-chk|Win32.ActiveCfg = chk|Win32
		{14BBB4B1-DA6A-4C69-BF07-F8D4865E0814}.all-chk|Win32.Build.0 = chk|Win32
		{14BBB4B1-DA6A-4C69-BF07-F8D4865E0814}.all-chk|x64.ActiveCfg = chk|x64
		{14BBB4B1-DA6A-4C69-BF07-F8D4865E0814}.all-chk|x64.Build.0 = chk|x64
		{14BBB4B1-DA6A-4C69-BF07-F8D4865E0814}.all-chk|x86.ActiveCfg = chk|Win32
		{14BBB4B1-DA6A-4C69-BF07-F8D4865E0814}.all-chk|x86.Build.0 = chk|Win32
		{14BBB4B1-DA6A-4C69-BF07-F8D4865E0814}.all-fre|Win32.ActiveCfg = fre|Win32
		{14BBB4B1-DA6A-4C69-BF07-F8D4865E0814}.all-fre|Win32.Build.0 = fre|Win32
		{14BBB4B1-DA6A-4C69-BF07-F8D4865E0814}.all-fre|x64.ActiveCfg = fre|x64
		{14BBB4B1-DA6A-4C69-BF07-F8D4865E0814}.all-fre|x64.Build.0 = fre|x64
		{14BBB4B1-DA6A-4C69-BF07-F8D4865E0814}.all-fre|x86.ActiveCfg = fre|Win32
		{14BBB4B1-DA6A-4C69-BF07-F8D4865E0814}.all-fre|x86.Build.0 = fre|Win32
		{14BBB4B1-DA6A-4C69-BF07-F8D4865E0814}.jc-chk|Win32.ActiveCfg = chk|Win32
		{14BBB4B1-DA6A-4C69-BF07-F8D4865E0814}.jc-chk|Win32.Build.0 = chk|Win32
		{14BBB4B1-DA6A-4C69-BF07-F8D4865E0814}.jc-chk|x64.ActiveCfg = chk|x64
		{14BBB4B1-DA6A-4C69-BF07-F8D4865E0814}.jc-chk|x64.Build.0 = chk|x64
		{14BBB4B1-DA6A-4C69-BF07-F8D4865E0814}.jc-chk|x86.ActiveCfg = chk|Win32
		{14BBB4B1-DA6A-4C69-BF07-F8D4865E0814}.jc-chk|x86.Build.0 = chk|Win32
		{14BBB4B1-DA6A-4C69-BF07-F8D4865E0814}.jc-fre|Win32.ActiveCfg = fre|Win32
		{14BBB4B1-DA6A-4C69-BF07-F8D4865E0814}.jc-fre|Win32.Build.0 = fre|Win32
		{14BBB4B1-DA6A-4C69-BF07-F8D4865E0814}.jc-fre|x64.ActiveCfg = fre|x64
		{14BBB4B1-DA6A-4C69-BF07-F8D4865E0814}.jc-fre|x64.Build.0 = fre|x64
		{14BBB4B1-DA6A-4C69-BF07-F8D4865E0814}.jc-fre|x86.ActiveCfg = fre|Win32
		{14BBB4B1-DA6A-4C69-BF07-F8D4865E0814}.jc-fre|x86.Build.0 = fre|Win32
		{14BBB4B1-DA6A-4C69-BF07-F8D4865E0814}.jshost-chk|Win32.ActiveCfg = chk|Win32
		{14BBB4B1-DA6A-4C69-BF07-F8D4865E0814}.jshost-chk|Win32.Build.0 = chk|Win32
		{14BBB4B1-DA6A-4C69-BF07-F8D4865E0814}.jshost-chk|x64.ActiveCfg = chk|x64
		{14BBB4B1-DA6A-4C69-BF07-F8D4865E0814}.jshost-chk|x64.Build.0 = chk|x64
		{14BBB4B1-DA6A-4C69-BF07-F8D4865E0814}.jshost-chk|x86.ActiveCfg = chk|Win32
		{14BBB4B1-DA6A-4C69-BF07-F8D4865E0814}.jshost-chk|x86.Build.0 = chk|Win32
		{14BBB4B1-DA6A-4C69-BF07-F8D4865E0814}.jshost-fre|Win32.ActiveCfg = fre|Win32
		{14BBB4B1-DA6A-4C69-BF07-F8D4865E0814}.jshost-fre|Win32.Build.0 = fre|Win32
		{14BBB4B1-DA6A-4C69-BF07-F8D4865E0814}.jshost-fre|x64.ActiveCfg = fre|x64
		{14BBB4B1-DA6A-4C69-BF07-F8D4865E0814}.jshost-fre|x64.Build.0 = fre|x64
		{14BBB4B1-DA6A-4C69-BF07-F8D4865E0814}.jshost-fre|x86.ActiveCfg = fre|Win32
		{14BBB4B1-DA6A-4C69-BF07-F8D4865E0814}.jshost-fre|x86.Build.0 = fre|Win32
		{14BBB4B1-DA6A-4C69-BF07-F8D4865E0815}.all-chk|Win32.ActiveCfg = chk|Win32
		{14BBB4B1-DA6A-4C69-BF07-F8D4865E0815}.all-chk|Win32.Build.0 = chk|Win32
		{14BBB4B1-DA6A-4C69-BF07-F8D4865E0815}.all-chk|x64.ActiveCfg = chk|x64
		{14BBB4B1-DA6A-4C69-BF07-F8D4865E0815}.all-chk|x64.Build.0 = chk|x64
		{14BBB4B1-DA6A-4C69-BF07-F8D4865E0815}.all-chk|x86.ActiveCfg = chk|Win32
		{14BBB4B1-DA6A-4C69-BF07-F8D4865E0815}.all-chk|x86.Build.0 = chk|Win32
		{14BBB4B1-DA6A-4C69-BF07-F8D4865E0815}.all-fre|Win32.ActiveCfg = fre|Win32
		{14BBB4B1-DA6A-4C69-BF07-F8D4865E0815}.all-fre|Win32.Build.0 = fre|Win32
		{14BBB4B1-DA6A-4C69-BF07-F8D4865E0815}.all-fre|x64.ActiveCfg = fre|x64
		{14BBB4B1-DA6A-4C69-BF07-F8D4865E0815}.all-fre|x64.Build.0 = fre|x64
		{14BBB4B1-DA6A-4C69-BF07-F8D4865E0815}.all-fre|x86.ActiveCfg = fre|Win32
		{14BBB4B1-DA6A-4C69-BF07-F8D4865E0815}.all-fre|x86.Build.0 = fre|Win32
		{14BBB4B1-DA6A-4C69-BF07-F8D4865E0815}.jc-chk|Win32.ActiveCfg = chk|Win32
		{14BBB4B1-DA6A-4C69-BF07-F8D4865E0815}.jc-chk|Win32.Build.0 = chk|Win32
		{14BBB4B1-DA6A-4C69-BF07-F8D4865E0815}.jc-chk|x64.ActiveCfg = chk|x64
		{14BBB4B1-DA6A-4C69-BF07-F8D4865E0815}.jc-chk|x86.ActiveCfg = chk|Win32
		{14BBB4B1-DA6A-4C69-BF07-F8D4865E0815}.jc-fre|Win32.ActiveCfg = fre|Win32
		{14BBB4B1-DA6A-4C69-BF07-F8D4865E0815}.jc-fre|Win32.Build.0 = fre|Win32
		{14BBB4B1-DA6A-4C69-BF07-F8D4865E0815}.jc-fre|x64.ActiveCfg = fre|x64
		{14BBB4B1-DA6A-4C69-BF07-F8D4865E0815}.jc-fre|x86.ActiveCfg = fre|Win32
		{14BBB4B1-DA6A-4C69-BF07-F8D4865E0815}.jshost-chk|Win32.ActiveCfg = chk|Win32
		{14BBB4B1-DA6A-4C69-BF07-F8D4865E0815}.jshost-chk|Win32.Build.0 = chk|Win32
		{14BBB4B1-DA6A-4C69-BF07-F8D4865E0815}.jshost-chk|x64.ActiveCfg = chk|x64
		{14BBB4B1-DA6A-4C69-BF07-F8D4865E0815}.jshost-chk|x64.Build.0 = chk|x64
		{14BBB4B1-DA6A-4C69-BF07-F8D4865E0815}.jshost-chk|x86.ActiveCfg = chk|Win32
		{14BBB4B1-DA6A-4C69-BF07-F8D4865E0815}.jshost-chk|x86.Build.0 = chk|Win32
		{14BBB4B1-DA6A-4C69-BF07-F8D4865E0815}.jshost-fre|Win32.ActiveCfg = fre|Win32
		{14BBB4B1-DA6A-4C69-BF07-F8D4865E0815}.jshost-fre|Win32.Build.0 = fre|Win32
		{14BBB4B1-DA6A-4C69-BF07-F8D4865E0815}.jshost-fre|x64.ActiveCfg = fre|x64
		{14BBB4B1-DA6A-4C69-BF07-F8D4865E0815}.jshost-fre|x64.Build.0 = fre|x64
		{14BBB4B1-DA6A-4C69-BF07-F8D4865E0815}.jshost-fre|x86.ActiveCfg = fre|Win32
		{14BBB4B1-DA6A-4C69-BF07-F8D4865E0815}.jshost-fre|x86.Build.0 = fre|Win32
		{95FF4585-3E08-4093-BB18-D430262313DA}.all-chk|Win32.ActiveCfg = Release|Win32
		{95FF4585-3E08-4093-BB18-D430262313DA}.all-chk|Win32.Build.0 = Release|Win32
		{95FF4585-3E08-4093-BB18-D430262313DA}.all-chk|x64.ActiveCfg = Release|Win32
		{95FF4585-3E08-4093-BB18-D430262313DA}.all-chk|x86.ActiveCfg = Release|Win32
		{95FF4585-3E08-4093-BB18-D430262313DA}.all-fre|Win32.ActiveCfg = Release|Win32
		{95FF4585-3E08-4093-BB18-D430262313DA}.all-fre|Win32.Build.0 = Release|Win32
		{95FF4585-3E08-4093-BB18-D430262313DA}.all-fre|x64.ActiveCfg = Release|Win32
		{95FF4585-3E08-4093-BB18-D430262313DA}.all-fre|x86.ActiveCfg = Release|Win32
		{95FF4585-3E08-4093-BB18-D430262313DA}.jc-chk|Win32.ActiveCfg = Release|Win32
		{95FF4585-3E08-4093-BB18-D430262313DA}.jc-chk|Win32.Build.0 = Release|Win32
		{95FF4585-3E08-4093-BB18-D430262313DA}.jc-chk|x64.ActiveCfg = Release|Win32
		{95FF4585-3E08-4093-BB18-D430262313DA}.jc-chk|x86.ActiveCfg = Release|Win32
		{95FF4585-3E08-4093-BB18-D430262313DA}.jc-fre|Win32.ActiveCfg = Release|Win32
		{95FF4585-3E08-4093-BB18-D430262313DA}.jc-fre|Win32.Build.0 = Release|Win32
		{95FF4585-3E08-4093-BB18-D430262313DA}.jc-fre|x64.ActiveCfg = Release|Win32
		{95FF4585-3E08-4093-BB18-D430262313DA}.jc-fre|x86.ActiveCfg = Release|Win32
		{95FF4585-3E08-4093-BB18-D430262313DA}.jshost-chk|Win32.ActiveCfg = Release|Win32
		{95FF4585-3E08-4093-BB18-D430262313DA}.jshost-chk|Win32.Build.0 = Release|Win32
		{95FF4585-3E08-4093-BB18-D430262313DA}.jshost-chk|x64.ActiveCfg = Release|Win32
		{95FF4585-3E08-4093-BB18-D430262313DA}.jshost-chk|x86.ActiveCfg = Release|Win32
		{95FF4585-3E08-4093-BB18-D430262313DA}.jshost-fre|Win32.ActiveCfg = Release|Win32
		{95FF4585-3E08-4093-BB18-D430262313DA}.jshost-fre|Win32.Build.0 = Release|Win32
		{95FF4585-3E08-4093-BB18-D430262313DA}.jshost-fre|x64.ActiveCfg = Release|Win32
		{95FF4585-3E08-4093-BB18-D430262313DA}.jshost-fre|x86.ActiveCfg = Release|Win32
		{D81EF7CF-1D44-46B5-843E-4C0F1626A1E2}.all-chk|Win32.ActiveCfg = chk|Win32
		{D81EF7CF-1D44-46B5-843E-4C0F1626A1E2}.all-chk|Win32.Build.0 = chk|Win32
		{D81EF7CF-1D44-46B5-843E-4C0F1626A1E2}.all-chk|x64.ActiveCfg = chk|x64
		{D81EF7CF-1D44-46B5-843E-4C0F1626A1E2}.all-chk|x64.Build.0 = chk|x64
		{D81EF7CF-1D44-46B5-843E-4C0F1626A1E2}.all-chk|x86.ActiveCfg = chk|Win32
		{D81EF7CF-1D44-46B5-843E-4C0F1626A1E2}.all-fre|Win32.ActiveCfg = fre|Win32
		{D81EF7CF-1D44-46B5-843E-4C0F1626A1E2}.all-fre|Win32.Build.0 = fre|Win32
		{D81EF7CF-1D44-46B5-843E-4C0F1626A1E2}.all-fre|x64.ActiveCfg = fre|x64
		{D81EF7CF-1D44-46B5-843E-4C0F1626A1E2}.all-fre|x64.Build.0 = fre|x64
		{D81EF7CF-1D44-46B5-843E-4C0F1626A1E2}.all-fre|x86.ActiveCfg = fre|x64
		{D81EF7CF-1D44-46B5-843E-4C0F1626A1E2}.jc-chk|Win32.ActiveCfg = chk|Win32
		{D81EF7CF-1D44-46B5-843E-4C0F1626A1E2}.jc-chk|Win32.Build.0 = chk|Win32
		{D81EF7CF-1D44-46B5-843E-4C0F1626A1E2}.jc-chk|x64.ActiveCfg = chk|x64
		{D81EF7CF-1D44-46B5-843E-4C0F1626A1E2}.jc-chk|x64.Build.0 = chk|x64
		{D81EF7CF-1D44-46B5-843E-4C0F1626A1E2}.jc-chk|x86.ActiveCfg = chk|x64
		{D81EF7CF-1D44-46B5-843E-4C0F1626A1E2}.jc-fre|Win32.ActiveCfg = fre|Win32
		{D81EF7CF-1D44-46B5-843E-4C0F1626A1E2}.jc-fre|Win32.Build.0 = fre|Win32
		{D81EF7CF-1D44-46B5-843E-4C0F1626A1E2}.jc-fre|x64.ActiveCfg = fre|x64
		{D81EF7CF-1D44-46B5-843E-4C0F1626A1E2}.jc-fre|x64.Build.0 = fre|x64
		{D81EF7CF-1D44-46B5-843E-4C0F1626A1E2}.jc-fre|x86.ActiveCfg = fre|x64
		{D81EF7CF-1D44-46B5-843E-4C0F1626A1E2}.jshost-chk|Win32.ActiveCfg = chk|Win32
		{D81EF7CF-1D44-46B5-843E-4C0F1626A1E2}.jshost-chk|Win32.Build.0 = chk|Win32
		{D81EF7CF-1D44-46B5-843E-4C0F1626A1E2}.jshost-chk|x64.ActiveCfg = chk|x64
		{D81EF7CF-1D44-46B5-843E-4C0F1626A1E2}.jshost-chk|x64.Build.0 = chk|x64
		{D81EF7CF-1D44-46B5-843E-4C0F1626A1E2}.jshost-chk|x86.ActiveCfg = chk|x64
		{D81EF7CF-1D44-46B5-843E-4C0F1626A1E2}.jshost-fre|Win32.ActiveCfg = fre|Win32
		{D81EF7CF-1D44-46B5-843E-4C0F1626A1E2}.jshost-fre|Win32.Build.0 = fre|Win32
		{D81EF7CF-1D44-46B5-843E-4C0F1626A1E2}.jshost-fre|x64.ActiveCfg = fre|x64
		{D81EF7CF-1D44-46B5-843E-4C0F1626A1E2}.jshost-fre|x64.Build.0 = fre|x64
		{D81EF7CF-1D44-46B5-843E-4C0F1626A1E2}.jshost-fre|x86.ActiveCfg = fre|x64
	EndGlobalSection
	GlobalSection(SolutionProperties) = preSolution
		HideSolutionNode = FALSE
	EndGlobalSection
	GlobalSection(NestedProjects) = preSolution
		{F6FAD160-5A4B-476A-93AC-33E0B3A18C0C} = {D8216B93-BD6E-4293-8D98-79CEF7CF66BC}
		{706083F7-6AA4-4558-A153-6352EF9110F5} = {D8216B93-BD6E-4293-8D98-79CEF7CF66BC}
		{18CF279F-188D-4655-B03D-74F65388E7D1} = {D8216B93-BD6E-4293-8D98-79CEF7CF66BC}
		{ABC904AD-9415-46F8-AA23-E33193F81F7C} = {D8216B93-BD6E-4293-8D98-79CEF7CF66BC}
		{37871403-9CD8-434C-8904-DBDD95B69D81} = {D8216B93-BD6E-4293-8D98-79CEF7CF66BC}
		{BB4153FF-AC3E-4734-B562-CC23812DF31B} = {D8216B93-BD6E-4293-8D98-79CEF7CF66BC}
		{E152E191-0245-45BF-BDAA-070ABFE72E80} = {D8216B93-BD6E-4293-8D98-79CEF7CF66BC}
		{94E22D67-70E5-468F-A62C-9D657B1D170F} = {CDE8342D-A900-4DFE-8466-97C55D683D94}
		{5CF57588-FB4A-4B00-85BB-8EE78AEE1311} = {CDE8342D-A900-4DFE-8466-97C55D683D94}
		{E3889F57-9EF7-4CA5-B4D3-208F6E6396DE} = {CDE8342D-A900-4DFE-8466-97C55D683D94}
		{8AF67707-1D98-4054-BC9A-6130865484BA} = {CDE8342D-A900-4DFE-8466-97C55D683D94}
		{CBDB0505-DA56-41F2-BA0E-C2900C55E62A} = {CDE8342D-A900-4DFE-8466-97C55D683D94}
		{F2E998AA-FB27-4F65-A6F7-4142BE64294F} = {CDE8342D-A900-4DFE-8466-97C55D683D94}
		{A5F53E69-E02C-4BB6-BB94-C96F12EBCA2E} = {CDE8342D-A900-4DFE-8466-97C55D683D94}
		{C4BDD61B-6B95-413B-9337-E09C82BCF6A9} = {CDE8342D-A900-4DFE-8466-97C55D683D94}
		{8D8B9E5F-7739-4213-AF63-CAD1E2C3ED53} = {63C6414A-E688-4C5B-955E-A8B8D1CC59F8}
		{48589360-6C56-4E55-9B28-42F4CDFD3C1D} = {63C6414A-E688-4C5B-955E-A8B8D1CC59F8}
		{98076E37-4A40-4FA5-AF3A-EA02CF718A1F} = {63C6414A-E688-4C5B-955E-A8B8D1CC59F8}
		{7592CA0F-11CA-4073-AE26-DE6C37232CCF} = {63C6414A-E688-4C5B-955E-A8B8D1CC59F8}
		{5705AF35-433F-4EE7-992E-6A1B76F55D9D} = {63C6414A-E688-4C5B-955E-A8B8D1CC59F8}
		{E5A44DC9-F44A-4F4E-9815-9140CDE3B8E3} = {63C6414A-E688-4C5B-955E-A8B8D1CC59F8}
		{C76E2310-4522-48F6-BD65-3C0F913DD6D2} = {63C6414A-E688-4C5B-955E-A8B8D1CC59F8}
		{DB944726-DFAF-4A70-A710-9B09F002743B} = {63C6414A-E688-4C5B-955E-A8B8D1CC59F8}
		{8FF4141D-195E-4511-8600-5B9851C0F9E3} = {63C6414A-E688-4C5B-955E-A8B8D1CC59F8}
		{2D9A516F-E47C-4BDE-B939-2412C501A2C5} = {63C6414A-E688-4C5B-955E-A8B8D1CC59F8}
		{1876E800-AD77-48C4-A2F7-E5265F24AC35} = {19789B77-32A4-4156-90EE-DE01FDAA8881}
		{1876E800-AD77-48C4-A2F7-E5265F24AC36} = {59BF5DB0-B99C-468B-9E16-41C03F888DDB}
		{1876E800-AD77-48C4-A2F7-E5265F24AC37} = {59BF5DB0-B99C-468B-9E16-41C03F888DDB}
		{1876E800-AD77-48C4-A2F7-E5265F24AC38} = {59BF5DB0-B99C-468B-9E16-41C03F888DDB}
		{14BBB4B1-DA6A-4C69-BF07-F8D4865E0814} = {59BF5DB0-B99C-468B-9E16-41C03F888DDB}
		{14BBB4B1-DA6A-4C69-BF07-F8D4865E0815} = {59BF5DB0-B99C-468B-9E16-41C03F888DDB}
		{BCC5C029-2F2C-4EAA-8E60-664D72766936} = {ED51CF3C-3A54-4366-91F4-E93C3A3526EC}
	EndGlobalSection
EndGlobal
