<?xml version="1.0" encoding="utf-8"?>
<Project ToolsVersion="4.0" xmlns="http://schemas.microsoft.com/developer/msbuild/2003">
  <ItemGroup>
    <Filter Include="i386">
      <UniqueIdentifier>{50244a2d-1961-48fd-b4d4-df17ab49de48}</UniqueIdentifier>
    </Filter>
    <Filter Include="amd64">
      <UniqueIdentifier>{2b6befb0-99f2-48d0-ab08-c61969f9e7b5}</UniqueIdentifier>
    </Filter>
    <Filter Include="arm">
      <UniqueIdentifier>{351dfeeb-fecd-4e59-80cf-2ffc4e8d5576}</UniqueIdentifier>
    </Filter>
    <Filter Include="arm">
      <UniqueIdentifier>{351dfeeb-fecd-4e59-80cf-2ffc4e8d5576}</UniqueIdentifier>
    </Filter>
    <Filter Include="arm64">
      <UniqueIdentifier>{66d6da8c-df90-4445-ac3b-1481d26e4bb3}</UniqueIdentifier>
    </Filter>
  </ItemGroup>
  <ItemGroup>
    <ClCompile Include="i386\EncoderMD.cpp">
      <Filter>i386</Filter>
    </ClCompile>
    <ClCompile Include="i386\LinearScanMD.cpp">
      <Filter>i386</Filter>
    </ClCompile>
    <ClCompile Include="i386\LowererMDArch.cpp">
      <Filter>i386</Filter>
    </ClCompile>
    <ClCompile Include="i386\PeepsMD.cpp">
      <Filter>i386</Filter>
    </ClCompile>
    <ClCompile Include="amd64\EncoderMD.cpp">
      <Filter>amd64</Filter>
    </ClCompile>
    <ClCompile Include="amd64\LinearScanMD.cpp">
      <Filter>amd64</Filter>
    </ClCompile>
    <ClCompile Include="amd64\LowererMDArch.cpp">
      <Filter>amd64</Filter>
    </ClCompile>
    <ClCompile Include="amd64\PeepsMD.cpp">
      <Filter>amd64</Filter>
    </ClCompile>
    <ClCompile Include="BackEnd.cpp" />
    <ClCompile Include="BackEndOpcodeAttr.cpp" />
    <ClCompile Include="BackwardPass.cpp" />
    <ClCompile Include="CodeGenWorkItem.cpp" />
    <ClCompile Include="Debug.cpp" />
    <ClCompile Include="DisassembleX86.cpp" />
    <ClCompile Include="EmitBuffer.cpp" />
    <ClCompile Include="Encoder.cpp" />
    <ClCompile Include="FlowGraph.cpp" />
    <ClCompile Include="Func.cpp" />
    <ClCompile Include="GlobOpt.cpp" />
    <ClCompile Include="IR.cpp" />
    <ClCompile Include="IRBuilder.cpp" />
    <ClCompile Include="JnHelperMethod.cpp" />
    <ClCompile Include="LinearScan.cpp" />
    <ClCompile Include="Lower.cpp" />
    <ClCompile Include="NativeCodeGenerator.cpp" />
    <ClCompile Include="Opnd.cpp" />
    <ClCompile Include="Peeps.cpp" />
    <ClCompile Include="Region.cpp" />
    <ClCompile Include="SCCLiveness.cpp" />
    <ClCompile Include="arm\EncoderMD.cpp">
      <Filter>arm</Filter>
    </ClCompile>
    <ClCompile Include="arm\LinearScanMD.cpp">
      <Filter>arm</Filter>
    </ClCompile>
    <ClCompile Include="arm\LowerMD.cpp">
      <Filter>arm</Filter>
    </ClCompile>
    <ClCompile Include="arm\PeepsMD.cpp">
      <Filter>arm</Filter>
    </ClCompile>
    <ClCompile Include="Security.cpp" />
    <ClCompile Include="SimpleLayout.cpp" />
    <ClCompile Include="Sym.cpp" />
    <ClCompile Include="SymTable.cpp" />
    <ClCompile Include="Inline.cpp" />
    <ClCompile Include="arm\EncoderMD.cpp">
      <Filter>arm</Filter>
    </ClCompile>
    <ClCompile Include="arm\LinearScanMD.cpp">
      <Filter>arm</Filter>
    </ClCompile>
    <ClCompile Include="arm\LowerMD.cpp">
      <Filter>arm</Filter>
    </ClCompile>
    <ClCompile Include="arm\PeepsMD.cpp">
      <Filter>arm</Filter>
    </ClCompile>
    <ClCompile Include="LowerMDShared.cpp" />
    <ClCompile Include="BailOut.cpp" />
    <ClCompile Include="PrologEncoder.cpp" />
    <ClCompile Include="amd64\PrologEncoderMD.cpp">
      <Filter>amd64</Filter>
    </ClCompile>
    <ClCompile Include="arm\UnwindInfoManager.cpp">
      <Filter>arm</Filter>
    </ClCompile>
    <ClCompile Include="arm\LegalizeMD.cpp">
      <Filter>arm</Filter>
    </ClCompile>
    <ClCompile Include="IRType.cpp" />
    <ClCompile Include="InterpreterThunkEmitter.cpp" />
    <ClCompile Include="GlobOptBailout.cpp" />
    <ClCompile Include="GlobOptFields.cpp" />
    <ClCompile Include="PDataManager.cpp" />
    <ClCompile Include="InliningDecider.cpp" />
    <ClCompile Include="NativeCodeData.cpp" />
    <ClCompile Include="CodegenNumberAllocator.cpp" />
    <ClCompile Include="CaseNode.cpp" />
    <ClCompile Include="DbCheckPostLower.cpp" />
    <ClCompile Include="CodegenAllocators.cpp" />
    <ClCompile Include="GlobOptExpr.cpp" />
    <ClCompile Include="InliningHeuristics.cpp" />
    <ClCompile Include="AgenPeeps.cpp" />
    <ClCompile Include="PEWriter.cpp" />
    <ClCompile Include="IRViewer.cpp" />
    <ClCompile Include="SimpleJitProfilingHelpers.cpp" />
    <ClCompile Include="QueuedFullJitWorkItem.cpp" />
    <ClCompile Include="TempTracker.cpp" />
    <ClCompile Include="InlineeFrameInfo.cpp" />
    <ClCompile Include="IntBounds.cpp" />
    <ClCompile Include="ValueRelativeOffset.cpp" />
    <ClCompile Include="arm64\LowerMD.cpp">
      <Filter>arm64</Filter>
    </ClCompile>
    <ClCompile Include="InductionVariable.cpp" />
    <ClCompile Include="GlobOptIntBounds.cpp" />
    <ClCompile Include="BackEndOpcodeAttrAsmJs.cpp" />
    <ClCompile Include="IRBuilderAsmJs.cpp" />
    <ClCompile Include="LowerMDSharedSimd128.cpp" />
    <ClCompile Include="PreLowerPeeps.cpp" />
  </ItemGroup>
  <ItemGroup>
    <ClInclude Include="BackEnd.h" />
    <ClInclude Include="BackEndOpcodeAttr.h" />
    <ClInclude Include="BackwardPass.h" />
    <ClInclude Include="DisassembleX86.h" />
    <ClInclude Include="EmitBuffer.h" />
    <ClInclude Include="Encoder.h" />
    <ClInclude Include="FlowGraph.h" />
    <ClInclude Include="Func.h" />
    <ClInclude Include="GlobOpt.h" />
    <ClInclude Include="IR.h" />
    <ClInclude Include="IRBuilder.h" />
    <ClInclude Include="IRType.h" />
    <ClInclude Include="IRTypeList.h" />
    <ClInclude Include="JnHelperMethod.h" />
    <ClInclude Include="JnHelperMethodList.h" />
    <ClInclude Include="arm\EncoderMD.h">
      <Filter>arm</Filter>
    </ClInclude>
    <ClInclude Include="arm\LinearScanMD.h">
      <Filter>arm</Filter>
    </ClInclude>
    <ClInclude Include="arm\LowerMD.h">
      <Filter>arm</Filter>
    </ClInclude>
    <ClInclude Include="arm\md.h">
      <Filter>arm</Filter>
    </ClInclude>
    <ClInclude Include="arm\MdOpcodes.h">
      <Filter>arm</Filter>
    </ClInclude>
    <ClInclude Include="arm\PeepsMD.h">
      <Filter>arm</Filter>
    </ClInclude>
    <ClInclude Include="arm\Reg.h">
      <Filter>arm</Filter>
    </ClInclude>
    <ClInclude Include="arm\RegList.h">
      <Filter>arm</Filter>
    </ClInclude>
    <ClInclude Include="arm\ARMEncode.h">
      <Filter>arm</Filter>
    </ClInclude>
    <ClInclude Include="Lower.h" />
    <ClInclude Include="NativeCodeGenerator.h" />
    <ClInclude Include="Opnd.h" />
    <ClInclude Include="Peeps.h" />
    <ClInclude Include="Region.h" />
    <ClInclude Include="Security.h" />
    <ClInclude Include="SimpleLayout.h" />
    <ClInclude Include="Sym.h" />
    <ClInclude Include="SymTable.h" />
    <ClInclude Include="Inline.h" />
    <ClInclude Include="codegenworkitem.h" />
    <ClInclude Include="arm\EncoderMD.h">
      <Filter>arm</Filter>
    </ClInclude>
    <ClInclude Include="arm\LinearScanMD.h">
      <Filter>arm</Filter>
    </ClInclude>
    <ClInclude Include="arm\LowerMD.h">
      <Filter>arm</Filter>
    </ClInclude>
    <ClInclude Include="arm\md.h">
      <Filter>arm</Filter>
    </ClInclude>
    <ClInclude Include="arm\MdOpcodes.h">
      <Filter>arm</Filter>
    </ClInclude>
    <ClInclude Include="arm\PeepsMD.h">
      <Filter>arm</Filter>
    </ClInclude>
    <ClInclude Include="arm\Reg.h">
      <Filter>arm</Filter>
    </ClInclude>
    <ClInclude Include="arm\RegList.h">
      <Filter>arm</Filter>
    </ClInclude>
    <ClInclude Include="arm\ARMEncode.h">
      <Filter>arm</Filter>
    </ClInclude>
    <ClInclude Include="arm\AssemblyStep.h">
      <Filter>arm</Filter>
    </ClInclude>
    <ClInclude Include="LowerMDShared.h" />
    <ClInclude Include="BailOut.h" />
    <ClInclude Include="PrologEncoder.h" />
    <ClInclude Include="amd64\PrologEncoderMD.h">
      <Filter>amd64</Filter>
    </ClInclude>
    <ClInclude Include="arm\UnwindCodes.h">
      <Filter>arm</Filter>
    </ClInclude>
    <ClInclude Include="arm\UnwindInfoManager.h">
      <Filter>arm</Filter>
    </ClInclude>
    <ClInclude Include="arm\LegalizeMD.h">
      <Filter>arm</Filter>
    </ClInclude>
    <ClInclude Include="LinearScanMDShared.h" />
    <ClInclude Include="InterpreterThunkEmitter.h" />
    <ClInclude Include="PDataManager.h" />
    <ClInclude Include="amd64\X64Encode.h">
      <Filter>amd64</Filter>
    </ClInclude>
    <ClInclude Include="CodeGenAllocators.h" />
    <ClInclude Include="InliningDecider.h" />
    <ClInclude Include="NativeCodeData.h" />
    <ClInclude Include="CodeGenNumberAllocator.h" />
    <ClInclude Include="BailOutKind.h" />
    <ClInclude Include="GlobHashTable.h" />
    <ClInclude Include="IntOverflowDoesNotMatterRange.h" />
    <ClInclude Include="CaseNode.h" />
    <ClInclude Include="DbCheckPostLower.h" />
    <ClInclude Include="Lifetime.h" />
    <ClInclude Include="SCCLiveness.h" />
    <ClInclude Include="LinearScan.h" />
    <ClInclude Include="CodeGenWorkItemType.h" />
    <ClInclude Include="InliningHeuristics.h" />
    <ClInclude Include="AgenPeeps.h" />
    <ClInclude Include="PEWriter.h" />
    <ClInclude Include="IRViewer.h" />
    <ClInclude Include="SimpleJitProfilingHelpers.h" />
    <ClInclude Include="BackEndOpCodeList.h" />
    <ClInclude Include="QueuedFullJitWorkItem.h" />
    <ClInclude Include="TempTracker.h" />
    <ClInclude Include="InlineeFrameInfo.h" />
    <ClInclude Include="arm64\ARMEncode.h">
      <Filter>arm64</Filter>
    </ClInclude>
    <ClInclude Include="IntBounds.h" />
    <ClInclude Include="ValueRelativeOffset.h" />
    <ClInclude Include="arm64\EncoderMD.h">
      <Filter>arm64</Filter>
    </ClInclude>
    <ClInclude Include="arm64\LinearScanMD.h">
      <Filter>arm64</Filter>
    </ClInclude>
    <ClInclude Include="arm64\LowerMD.h">
      <Filter>arm64</Filter>
    </ClInclude>
    <ClInclude Include="arm64\md.h">
      <Filter>arm64</Filter>
    </ClInclude>
    <ClInclude Include="arm64\MdOpcodes.h">
      <Filter>arm64</Filter>
    </ClInclude>
    <ClInclude Include="arm64\PeepsMD.h">
      <Filter>arm64</Filter>
    </ClInclude>
    <ClInclude Include="arm64\Reg.h">
      <Filter>arm64</Filter>
    </ClInclude>
    <ClInclude Include="arm64\RegList.h">
      <Filter>arm64</Filter>
    </ClInclude>
    <ClInclude Include="arm64\UnwindCodes.h">
      <Filter>arm64</Filter>
    </ClInclude>
    <ClInclude Include="arm64\UnwindInfoManager.h">
      <Filter>arm64</Filter>
    </ClInclude>
    <ClInclude Include="InductionVariable.h" />
    <ClInclude Include="IntConstantBounds.h" />
    <ClInclude Include="GlobOptIntBounds.h" />
    <ClInclude Include="BackEndOpcodeAttrAsmJs.h" />
    <ClInclude Include="IRBuilderAsmJs.h" />
  </ItemGroup>
  <ItemGroup>
    <None Include="IR.inl" />
    <None Include="Opnd.inl" />
    <None Include="Sym.inl" />
    <None Include="arm\Thunks.asm">
      <Filter>arm</Filter>
    </None>
    <None Include="arm64\sources">
      <Filter>arm64</Filter>
    </None>
  </ItemGroup>
  <ItemGroup>
    <ClInclude Include="i386\EncoderMD.h">
      <Filter>i386</Filter>
    </ClInclude>
    <ClInclude Include="i386\LinearScanMD.h">
      <Filter>i386</Filter>
    </ClInclude>
    <ClInclude Include="i386\LowererMDArch.h">
      <Filter>i386</Filter>
    </ClInclude>
    <ClInclude Include="i386\md.h">
      <Filter>i386</Filter>
    </ClInclude>
    <ClInclude Include="i386\MdOpcodes.h">
      <Filter>i386</Filter>
    </ClInclude>
    <ClInclude Include="i386\PeepsMD.h">
      <Filter>i386</Filter>
    </ClInclude>
    <ClInclude Include="i386\Reg.h">
      <Filter>i386</Filter>
    </ClInclude>
    <ClInclude Include="i386\RegList.h">
      <Filter>i386</Filter>
    </ClInclude>
    <ClInclude Include="i386\X86Encode.h">
      <Filter>i386</Filter>
    </ClInclude>
    <ClInclude Include="amd64\EncoderMD.h">
      <Filter>amd64</Filter>
    </ClInclude>
    <ClInclude Include="amd64\LinearScanMD.h">
      <Filter>amd64</Filter>
    </ClInclude>
    <ClInclude Include="amd64\LowererMDArch.h">
      <Filter>amd64</Filter>
    </ClInclude>
    <ClInclude Include="amd64\md.h">
      <Filter>amd64</Filter>
    </ClInclude>
    <ClInclude Include="amd64\MdOpcodes.h">
      <Filter>amd64</Filter>
    </ClInclude>
    <ClInclude Include="amd64\PeepsMD.h">
      <Filter>amd64</Filter>
    </ClInclude>
    <ClInclude Include="amd64\Reg.h">
      <Filter>amd64</Filter>
    </ClInclude>
    <ClInclude Include="amd64\RegList.h">
      <Filter>amd64</Filter>
    </ClInclude>
  </ItemGroup>
  <ItemGroup>
    <MASM Include="amd64\Thunks.asm">
      <Filter>amd64</Filter>
    </MASM>
    <MASM Include="amd64\LinearScanMdA.asm">
      <Filter>amd64</Filter>
    </MASM>
    <MASM Include="arm\LinearScanMdA.asm">
      <Filter>arm</Filter>
    </MASM>
    <MASM Include="arm64\Thunks.asm">
      <Filter>arm64</Filter>
    </MASM>
  </ItemGroup>
</Project>