<?xml version="1.0" encoding="utf-8"?>
<Project ToolsVersion="4.0" xmlns="http://schemas.microsoft.com/developer/msbuild/2003">
  <ItemGroup>
    <ClCompile Include="$(MSBuildThisFileDirectory)Telemetry.cpp" />
    <ClCompile Include="$(MSBuildThisFileDirectory)DirectCall.cpp" />
    <ClCompile Include="$(MSBuildThisFileDirectory)TelemetryPch.cpp" />
    <ClCompile Include="$(MSBuildThisFileDirectory)ScriptContext\ScriptContextTelemetry.cpp">
      <Filter>ScriptContext</Filter>
    </ClCompile>
    <ClCompile Include="$(MSBuildThisFileDirectory)ScriptContext\BuiltInMapper.cpp">
      <Filter>ScriptContext</Filter>
    </ClCompile>
  </ItemGroup>
  <ItemGroup>
    <ClInclude Include="$(MSBuildThisFileDirectory)DirectCall.h" />
    <ClInclude Include="$(MSBuildThisFileDirectory)Telemetry.h" />
    <ClInclude Include="$(MSBuildThisFileDirectory)TelemetryMacros.h" />
    <ClInclude Include="$(MSBuildThisFileDirectory)TelemetryPch.h" />
    <ClInclude Include="$(MSBuildThisFileDirectory)ScriptContext\ESBuiltIns.h">
      <Filter>ScriptContext</Filter>
    </ClInclude>
    <ClInclude Include="$(MSBuildThisFileDirectory)ScriptContext\ESBuiltInsCountTracker.h">
      <Filter>ScriptContext</Filter>
    </ClInclude>
    <ClInclude Include="$(MSBuildThisFileDirectory)ScriptContext\ESBuiltInsTypeNames.h">
      <Filter>ScriptContext</Filter>
    </ClInclude>
    <ClInclude Include="$(MSBuildThisFileDirectory)ScriptContext\LanguageFeatures.h">
      <Filter>ScriptContext</Filter>
    </ClInclude>
    <ClInclude Include="$(MSBuildThisFileDirectory)ScriptContext\LanguageFeaturesCountTracker.h">
      <Filter>ScriptContext</Filter>
    </ClInclude>
    <ClInclude Include="$(MSBuildThisFileDirectory)ScriptContext\ScriptContextTelemetry.h">
      <Filter>ScriptContext</Filter>
    </ClInclude>
    <ClInclude Include="$(MSBuildThisFileDirectory)ScriptContext\BuiltInMapper.h">
      <Filter>ScriptContext</Filter>
    </ClInclude>
    <ClInclude Include="$(MSBuildThisFileDirectory)ScriptContext\BuiltInFacets.h" >
      <Filter>ScriptContext</Filter>
    </ClInclude>
    <ClInclude Include="$(MSBuildThisFileDirectory)ScriptContext\CustomScriptContextCounters.h" >
          <Filter>ScriptContext</Filter>
    </ClInclude>
  </ItemGroup>
  <ItemGroup>
    <None Include="dirs" />
  </ItemGroup>
  <ItemGroup>
    <Filter Include="ScriptContext">
      <UniqueIdentifier>{95781374-9a17-4fc6-9d18-9a43ecd0fb9e}</UniqueIdentifier>
    </Filter>
  </ItemGroup>
</Project>