<?xml version="1.0" encoding="utf-8"?>
<Project ToolsVersion="4.0" xmlns="http://schemas.microsoft.com/developer/msbuild/2003">
  <ItemGroup>
    <ClCompile Include="diag.cpp" />
    <ClCompile Include="jd.cpp" />
    <ClCompile Include="jdrecycler.cpp" />
    <ClCompile Include="RemoteTypeHandler.cpp" />
    <ClCompile Include="ScriptDebugSite.cpp" />
    <ClCompile Include="stdafx.cpp" />
    <ClCompile Include="Collections.cpp" />
    <ClCompile Include="RecyclerList.cpp" />
    <ClCompile Include="RecyclerRoots.cpp" />
    <ClCompile Include="util.cpp" />
    <ClCompile Include="jdbackend.cpp" />
    <ClCompile Include="jdbytecode.cpp" />
    <ClCompile Include="RemotePageAllocator.cpp" />
    <ClCompile Include="RemoteThreadContext.cpp" />
    <ClCompile Include="RemoteRecycler.cpp" />
    <ClCompile Include="RecyclerCachedData.cpp" />
    <ClCompile Include="RemoteInterpreterStackFrame.cpp" />
    <ClCompile Include="RemoteFunctionBody.cpp" />
    <ClCompile Include="RemoteScriptFunction.cpp" />
    <ClCompile Include="jdfunctionbody.cpp" />
    <ClCompile Include="RemoteFunctionInfo.cpp" />
    <ClCompile Include="RemoteRecyclableObject.cpp" />
    <ClCompile Include="RemoteJavascriptFunction.cpp" />
    <ClCompile Include="RecyclerObjectGraph.cpp" />
    <ClCompile Include="CachedTypeInfo.cpp" />
    <ClCompile Include="RemoteHeapBlock.cpp" />
    <ClCompile Include="RemoteHeapBlockMap.cpp" />
    <ClCompile Include="ExtRemoteTypedUtil.cpp" />
    <ClCompile Include="FieldInfoCache.cpp" />
    <ClCompile Include="JDRemoteTyped.cpp" />
    <ClCompile Include="RecyclerObjectTypeInfo.cpp" />
    <ClCompile Include="JDByteCodeCachedData.cpp" />
    <ClCompile Include="JDBackendUtil.cpp" />
    <ClCompile Include="RemoteUtf8SourceInfo.cpp" />
    <ClCompile Include="RemoteScriptContext.cpp" />
    <ClCompile Include="JDTypeCache.cpp" />
    <ClCompile Include="RemoteBitVector.cpp" />
    <ClCompile Include="RemoteBaseDictionary.cpp" />
    <ClCompile Include="RemoteVar.cpp" />
    <ClCompile Include="RemoteDynamicObject.cpp" />
  </ItemGroup>
  <ItemGroup>
    <ClInclude Include="jd.h" />
    <ClInclude Include="RemoteTypeHandler.h" />
    <ClInclude Include="ScriptDebugSite.h" />
    <ClInclude Include="stdafx.h" />
    <ClInclude Include="TypeHandlerPropertyNameReader.h" />
    <ClInclude Include="Nullable.h" />
    <ClInclude Include="Collections.h" />
    <ClInclude Include="jdrecycler.h" />
    <ClInclude Include="RecyclerRoots.h" />
    <ClInclude Include="RemoteRecyclerList.h" />
    <ClInclude Include="jdbackend.h" />
    <ClInclude Include="jdbytecode.h" />
    <ClInclude Include="JDUtil.h" />
    <ClInclude Include="RemoteFunctionBody.h" />
    <ClInclude Include="RemotePageAllocator.h" />
    <ClInclude Include="RemoteThreadContext.h" />
    <ClInclude Include="RemoteRecycler.h" />
    <ClInclude Include="..\..\..\Dll\JScriptDiag\ScriptDump.h" />
    <ClInclude Include="..\..\..\Dll\JScriptDiag\ScriptDumpReader.h" />
    <ClInclude Include="..\..\..\Dll\JScriptDiag\Serializer.h" />
    <ClInclude Include="..\..\..\Dll\JScriptDiag\Serializer.inl" />
    <ClInclude Include="..\..\..\Dll\JScriptDiag\thrownew.h" />
    <ClInclude Include="RecyclerCachedData.h" />
    <ClInclude Include="RemoteInterpreterStackFrame.h" />
    <ClInclude Include="RemoteScriptFunction.h" />
    <ClInclude Include="RemoteFunctionInfo.h" />
    <ClInclude Include="RemoteRecyclableObject.h" />
    <ClInclude Include="RemoteJavascriptFunction.h" />
    <ClInclude Include="RecyclerObjectGraph.h" />
    <ClInclude Include="CachedTypeInfo.h" />
    <ClInclude Include="RemoteHeapBlock.h" />
    <ClInclude Include="RemoteHeapBlockMap.h" />
    <ClInclude Include="ExtRemoteTypedUtil.h" />
    <ClInclude Include="FieldInfoCache.h" />
    <ClInclude Include="JDRemoteTyped.h" />
    <ClInclude Include="RecyclerObjectTypeInfo.h" />
    <ClInclude Include="JDByteCodeCachedData.h" />
    <ClInclude Include="JDBackendUtil.h" />
    <ClInclude Include="RemoteUtf8SourceInfo.h" />
    <ClInclude Include="RemoteScriptContext.h" />
    <ClInclude Include="JDTypeCache.h" />
    <ClInclude Include="RemoteObjectInfoBits.h" />
    <ClInclude Include="RemoteBitVector.h" />
    <ClInclude Include="RemoteBaseDictionary.h" />
    <ClInclude Include="RemoteVar.h" />
    <ClInclude Include="RemoteDynamicObject.h" />
  </ItemGroup>
  <ItemGroup>
    <None Include="private\jd.def" />
    <None Include="release\jsd.def" />
  </ItemGroup>
</Project>