<?xml version="1.0" encoding="utf-8"?>
<Project ToolsVersion="4.0" xmlns="http://schemas.microsoft.com/developer/msbuild/2003">
  <ItemGroup>
    <ClCompile Include="$(MsBuildThisFileDirectory)abidelegates.cpp" />
    <ClCompile Include="$(MsBuildThisFileDirectory)ABIEvents.cpp" />
    <ClCompile Include="$(MsBuildThisFileDirectory)ArrayAsCollection.cpp" />
    <ClCompile Include="$(MsBuildThisFileDirectory)ArrayAsIterable.cpp" />
    <ClCompile Include="$(MsBuildThisFileDirectory)ArrayAsIterator.cpp" />
    <ClCompile Include="$(MsBuildThisFileDirectory)ArrayAsVector.cpp" />
    <ClCompile Include="$(MsBuildThisFileDirectory)ArrayProjection.cpp" />
    <ClCompile Include="$(MsBuildThisFileDirectory)ArrayProjectionEnumerator.cpp" />
    <ClCompile Include="$(MsBuildThisFileDirectory)FinalizableTypedArrayContents.cpp" />
    <ClCompile Include="$(MsBuildThisFileDirectory)IBufferProjection.cpp" />
    <ClCompile Include="$(MsBuildThisFileDirectory)InspectableObjectTypeOperations.cpp" />
    <ClCompile Include="$(MsBuildThisFileDirectory)NamespaceProjectionEnumerator.cpp" />
    <ClCompile Include="$(MsBuildThisFileDirectory)ObjectAsIPropertyValue.cpp" />
    <ClCompile Include="$(MsBuildThisFileDirectory)ObjectAsIReference.cpp" />
    <ClCompile Include="$(MsBuildThisFileDirectory)ProjectionAsyncDebug.cpp" />
    <ClCompile Include="$(MsBuildThisFileDirectory)ProjectionFastPath.cpp" />
    <ClCompile Include="$(MsBuildThisFileDirectory)ProjectionMarshaler.cpp" />
    <ClCompile Include="$(MsBuildThisFileDirectory)ProjectionMemoryInformation.cpp" />
    <ClCompile Include="$(MsBuildThisFileDirectory)ProjectionMethodInvoker.cpp" />
    <ClCompile Include="$(MsBuildThisFileDirectory)ProjectionObjectInstance.cpp" />
    <ClCompile Include="$(MsBuildThisFileDirectory)ProjectionWriter.cpp" />
    <ClCompile Include="$(MsBuildThisFileDirectory)PropertySet.cpp" />
    <ClCompile Include="$(MsBuildThisFileDirectory)PropertySetEnumerator.cpp" />
    <ClCompile Include="$(MsBuildThisFileDirectory)namespaceProjection.cpp" />
    <ClCompile Include="$(MsBuildThisFileDirectory)ProjectionContext.cpp" />
    <ClCompile Include="$(MsBuildThisFileDirectory)projectionTypeOperations.cpp" />
    <ClCompile Include="$(MsBuildThisFileDirectory)UnknownImpl.cpp" />
    <ClCompile Include="$(MsBuildThisFileDirectory)VariableArgMethodHelper.cpp" />
    <ClCompile Include="$(MsBuildThisFileDirectory)VectorArray.cpp" />
    <ClCompile Include="$(MsBuildThisFileDirectory)VectorArrayEnumerator.cpp" />
    <ClCompile Include="$(MsBuildThisFileDirectory)ExternalWeakReferenceImpl.cpp" />
    <ClCompile Include="$(MsBuildThisFileDirectory)ExternalWeakReferenceSourceImpl.cpp" />
    <ClCompile Include="$(MsBuildThisFileDirectory)arm\CallingConvention.cpp">
      <Filter>arm</Filter>
    </ClCompile>
    <ClCompile Include="$(MsBuildThisFileDirectory)arm64\CallingConvention.cpp">
      <Filter>arm64</Filter>
    </ClCompile>
    <ClCompile Include="$(MsBuildThisFileDirectory)ProjectionPch.cpp" />
    <ClCompile Include="$(MSBuildThisFileDirectory)JavascriptWinRTDate.cpp" />
    <ClCompile Include="ProjectionExternalLibrary.cpp" />
    <ClCompile Include="WinRtPromiseEngineInterfaceExtensionObject.cpp" />
    <ClCompile Include="AsyncDebug.cpp" />
  </ItemGroup>
  <ItemGroup>
    <ClInclude Include="ABIDelegates.h" />
    <ClInclude Include="ABIEvents.h" />
    <ClInclude Include="ArrayAsCollection.h" />
    <ClInclude Include="ArrayAsIterable.h" />
    <ClInclude Include="ArrayAsIterator.h" />
    <ClInclude Include="ArrayAsVector.h" />
    <ClInclude Include="ArrayProjection.h" />
    <ClInclude Include="ArrayProjectionEnumerator.h" />
    <ClInclude Include="ExternalWeakReferenceImpl.h" />
    <ClInclude Include="ExternalWeakReferenceSourceImpl.h" />
    <ClInclude Include="FinalizableTypedArrayContents.h" />
    <ClInclude Include="IBufferProjection.h" />
    <ClInclude Include="InspectableObjectTypeOperations.h" />
    <ClInclude Include="NamespaceProjection.h" />
    <ClInclude Include="NamespaceProjectionEnumerator.h" />
    <ClInclude Include="ObjectAsIPropertyValue.h" />
    <ClInclude Include="ObjectAsIReference.h" />
    <ClInclude Include="ProjectionAsyncDebug.h" />
    <ClInclude Include="ProjectionContext.h" />
    <ClInclude Include="ProjectionFastPath.h" />
    <ClInclude Include="ProjectionMarshaler.h" />
    <ClInclude Include="ProjectionMemoryInformation.h" />
    <ClInclude Include="ProjectionMethodInvoker.h" />
    <ClInclude Include="ProjectionObjectInstance.h" />
    <ClInclude Include="ProjectionTypeOperations.h" />
    <ClInclude Include="ProjectionWriter.h" />
    <ClInclude Include="PropertySet.h" />
    <ClInclude Include="PropertySetEnumerator.h" />
    <ClInclude Include="SpecialProjection.h" />
    <ClInclude Include="UnknownImpl.h" />
    <ClInclude Include="VariableArgMethodHelper.h" />
    <ClInclude Include="VectorArray.h" />
    <ClInclude Include="VectorArrayEnumerator.h" />
    <ClInclude Include="arm64\CallingConvention.h">
      <Filter>arm64</Filter>
    </ClInclude>
    <ClInclude Include="arm\CallingConvention.h">
      <Filter>arm</Filter>
    </ClInclude>
    <ClInclude Include="JavascriptWinRTFunction.h" />
    <ClInclude Include="JavascriptWinRTDate.h" />
    <ClInclude Include="ProjectionPch.h" />
    <ClInclude Include="ProjectionExternalLibrary.h" />
    <ClInclude Include="AsyncDebug.h" />
    <ClInclude Include="WinRtPromiseEngineInterfaceExtensionObject.h" />
  </ItemGroup>
  <ItemGroup>
    <MASM Include="$(MsBuildThisFileDirectory)amd64\UnknownImplHelper.asm">
      <Filter>amd64</Filter>
    </MASM>
    <MASM Include="$(MsBuildThisFileDirectory)amd64\projectioncall.asm">
      <Filter>amd64</Filter>
    </MASM>
  </ItemGroup>
  <ItemGroup>
    <Filter Include="arm">
      <UniqueIdentifier>{ec0112d5-56f4-430b-abc9-8bdcde6d133f}</UniqueIdentifier>
    </Filter>
    <Filter Include="amd64">
      <UniqueIdentifier>{605bca22-f87e-4f0d-be16-a333e0b14eac}</UniqueIdentifier>
    </Filter>
    <Filter Include="arm64">
      <UniqueIdentifier>{0b99d483-00ad-43aa-bd84-7db847bd5e4f}</UniqueIdentifier>
    </Filter>
  </ItemGroup>
  <ItemGroup>
    <ARMASM Include="$(MsBuildThisFileDirectory)arm\projectioncall.asm">
      <Filter>arm</Filter>
    </ARMASM>
    <ARMASM Include="$(MsBuildThisFileDirectory)arm\UnknownImplHelper.asm">
      <Filter>arm</Filter>
    </ARMASM>
    <ARMASM Include="$(MsBuildThisFileDirectory)arm64\projectioncall.asm">
      <Filter>arm64</Filter>
    </ARMASM>
    <ARMASM Include="$(MsBuildThisFileDirectory)arm64\UnknownImplHelper.asm">
      <Filter>arm64</Filter>
    </ARMASM>
  </ItemGroup>
</Project>