<?xml version="1.0" encoding="utf-8"?>
<Project ToolsVersion="4.0" xmlns="http://schemas.microsoft.com/developer/msbuild/2003">
  <ItemGroup>
    <ClCompile Include="HostConfigFlags.cpp">
      <Filter>Source Files</Filter>
    </ClCompile>
    <ClCompile Include="WScript.cpp">
      <Filter>Source Files</Filter>
    </ClCompile>
    <ClCompile Include="JScript9Interface.cpp">
      <Filter>Source Files</Filter>
    </ClCompile>
    <ClCompile Include="StdAfx.cpp">
      <Filter>Source Files</Filter>
    </ClCompile>
    <ClCompile Include="TestLargeAddress.cpp">
      <Filter>Source Files</Filter>
    </ClCompile>
    <ClCompile Include="debuggercontroller.cpp">
      <Filter>Source Files</Filter>
    </ClCompile>
  </ItemGroup>
  <ItemGroup>
    <ClInclude Include="HostConfigFlags.h">
      <Filter>Header Files</Filter>
    </ClInclude>
    <ClInclude Include="HostConfigFlagsList.h">
      <Filter>Header Files</Filter>
    </ClInclude>
    <ClInclude Include="JScript9Interface.h">
      <Filter>Header Files</Filter>
    </ClInclude>
    <ClInclude Include="StdAfx.h">
      <Filter>Header Files</Filter>
    </ClInclude>
    <ClInclude Include="TestLargeAddress.h">
      <Filter>Header Files</Filter>
    </ClInclude>
    <ClInclude Include="Wscript.h">
      <Filter>Header Files</Filter>
    </ClInclude>
    <ClInclude Include="debuggercontroller.h">
      <Filter>Header Files</Filter>
    </ClInclude>
  </ItemGroup>
  <ItemGroup>
    <CustomBuild Include="dbgcontroller.js">
      <Filter>Header Files</Filter>
    </CustomBuild>
  </ItemGroup>
  <ItemGroup>
    <Filter Include="Header Files">
      <UniqueIdentifier>{e160a464-8024-4c34-9eb8-2c7a30354b22}</UniqueIdentifier>
      <Extensions>h;hpp;hxx;hm;inl;inc;xsd</Extensions>
    </Filter>
    <Filter Include="Source Files">
      <UniqueIdentifier>{080ad1b5-b573-467b-a9e4-6d1d5ea723e3}</UniqueIdentifier>
      <Extensions>cpp;c;cc;cxx;def;odl;idl;hpj;bat;asm;asmx</Extensions>
    </Filter>
  </ItemGroup>
</Project>